// !$*UTF8*$!
{
	archiveVersion = 1;
	classes = {
	};
	objectVersion = 55;
	objects = {

/* Begin PBXBuildFile section */
		690D709C27B31DC0001880DA /* NotificationView.swift in Sources */ = {isa = PBXBuildFile; fileRef = 690D709B27B31DC0001880DA /* NotificationView.swift */; };
		690F054E278200B60036553B /* ButtonStyles.swift in Sources */ = {isa = PBXBuildFile; fileRef = 690F054D278200B60036553B /* ButtonStyles.swift */; };
		690F055327822DFA0036553B /* AppExtensions.swift in Sources */ = {isa = PBXBuildFile; fileRef = 690F055227822DFA0036553B /* AppExtensions.swift */; };
		690F09C527AC22CD00BA481F /* BaseViewModel.swift in Sources */ = {isa = PBXBuildFile; fileRef = 690F09C427AC22CD00BA481F /* BaseViewModel.swift */; };
		690F09C727AC308600BA481F /* mock_AppManager.swift in Sources */ = {isa = PBXBuildFile; fileRef = 690F09C627AC308600BA481F /* mock_AppManager.swift */; };
		690F09C927AC310600BA481F /* mock_AutomaticFilterManager.swift in Sources */ = {isa = PBXBuildFile; fileRef = 690F09C827AC310600BA481F /* mock_AutomaticFilterManager.swift */; };
		69118BF7279DF3B3001F2613 /* TwoButtonPageView.swift in Sources */ = {isa = PBXBuildFile; fileRef = 69118BF6279DF3B3001F2613 /* TwoButtonPageView.swift */; };
		69118BF9279DFAEB001F2613 /* ScreenshotPageView.swift in Sources */ = {isa = PBXBuildFile; fileRef = 69118BF8279DFAEB001F2613 /* ScreenshotPageView.swift */; };
		69189C1327A9771A00C8FFA5 /* MessageEvaluationManagerTests.swift in Sources */ = {isa = PBXBuildFile; fileRef = 69189C1227A9771A00C8FFA5 /* MessageEvaluationManagerTests.swift */; };
		69189C1527A97F7400C8FFA5 /* MessageEvaluationManager.swift in Sources */ = {isa = PBXBuildFile; fileRef = 69189C0F27A9621100C8FFA5 /* MessageEvaluationManager.swift */; };
		69189C1727A989C600C8FFA5 /* MessageEvaluationManagerProtocol.swift in Sources */ = {isa = PBXBuildFile; fileRef = 69189C1627A989C600C8FFA5 /* MessageEvaluationManagerProtocol.swift */; };
		69189C1827A989C600C8FFA5 /* MessageEvaluationManagerProtocol.swift in Sources */ = {isa = PBXBuildFile; fileRef = 69189C1627A989C600C8FFA5 /* MessageEvaluationManagerProtocol.swift */; };
		691C370E27B400A500B3D061 /* NetworkSyncManager.swift in Sources */ = {isa = PBXBuildFile; fileRef = 691C370D27B400A500B3D061 /* NetworkSyncManager.swift */; };
		691D57CA27BB2E0500DDA267 /* mock_HTTPService.swift in Sources */ = {isa = PBXBuildFile; fileRef = 691D57C927BB2E0500DDA267 /* mock_HTTPService.swift */; };
		691D57CB27BBE63300DDA267 /* MessageEvaluationManager.swift in Sources */ = {isa = PBXBuildFile; fileRef = 69189C0F27A9621100C8FFA5 /* MessageEvaluationManager.swift */; };
		69300B8627A9C4A700DF7982 /* TestFiltersView.swift in Sources */ = {isa = PBXBuildFile; fileRef = 69300B8527A9C4A700DF7982 /* TestFiltersView.swift */; };
		6931BAEA27BB270E00636439 /* AmazonS3ServiceTests.swift in Sources */ = {isa = PBXBuildFile; fileRef = 6931BAE927BB270E00636439 /* AmazonS3ServiceTests.swift */; };
		69398EBC27B0A613003C5123 /* FilterListRowView.swift in Sources */ = {isa = PBXBuildFile; fileRef = 69398EBB27B0A613003C5123 /* FilterListRowView.swift */; };
		6941FE13277DE78B00B99539 /* Localizable.strings in Resources */ = {isa = PBXBuildFile; fileRef = 6941FE15277DE78B00B99539 /* Localizable.strings */; };
		6941FE18277DF88200B99539 /* EnableExtensionView.swift in Sources */ = {isa = PBXBuildFile; fileRef = 6941FE17277DF88200B99539 /* EnableExtensionView.swift */; };
		6941FE1A277E19CC00B99539 /* AboutView.swift in Sources */ = {isa = PBXBuildFile; fileRef = 6941FE19277E19CC00B99539 /* AboutView.swift */; };
		6941FE1C277FDBE700B99539 /* MailView.swift in Sources */ = {isa = PBXBuildFile; fileRef = 6941FE1B277FDBE700B99539 /* MailView.swift */; };
		694A073227760E5800C92D78 /* Simply-Filter-SMS.xcdatamodeld in Sources */ = {isa = PBXBuildFile; fileRef = 69CD70D42770D4D100F91A2F /* Simply-Filter-SMS.xcdatamodeld */; };
		694E1E8B27AEE16D00264524 /* Screen.swift in Sources */ = {isa = PBXBuildFile; fileRef = 694E1E8A27AEE16D00264524 /* Screen.swift */; };
		694E53E627A42EEB009A7E0E /* mock_DefaultsManager.swift in Sources */ = {isa = PBXBuildFile; fileRef = 694E53E527A42EEB009A7E0E /* mock_DefaultsManager.swift */; };
		694E53E827A4300E009A7E0E /* PersistanceManagerTests.swift in Sources */ = {isa = PBXBuildFile; fileRef = 694E53E727A4300E009A7E0E /* PersistanceManagerTests.swift */; };
		694E53EA27A4A106009A7E0E /* mock_PersistanceManager.swift in Sources */ = {isa = PBXBuildFile; fileRef = 694E53E927A4A106009A7E0E /* mock_PersistanceManager.swift */; };
		694E53EC27A4A68F009A7E0E /* FilterListViewModelTests.swift in Sources */ = {isa = PBXBuildFile; fileRef = 694E53EB27A4A68F009A7E0E /* FilterListViewModelTests.swift */; };
		695D5BC1278DE4B50037C926 /* LanguageListView.swift in Sources */ = {isa = PBXBuildFile; fileRef = 695D5BC0278DE4B50037C926 /* LanguageListView.swift */; };
		695D5BC3278E01C00037C926 /* SharedExtensions.swift in Sources */ = {isa = PBXBuildFile; fileRef = 695D5BC2278E01C00037C926 /* SharedExtensions.swift */; };
		695D5BC4278E01C00037C926 /* SharedExtensions.swift in Sources */ = {isa = PBXBuildFile; fileRef = 695D5BC2278E01C00037C926 /* SharedExtensions.swift */; };
		696B011127A822BE0061FE15 /* AppHomeView.swift in Sources */ = {isa = PBXBuildFile; fileRef = 696B011027A822BE0061FE15 /* AppHomeView.swift */; };
		6973D01D278B537300A173CD /* CloudKit.framework in Frameworks */ = {isa = PBXBuildFile; fileRef = 6973D01C278B537300A173CD /* CloudKit.framework */; };
		6982FE8927A6FAFD00BF6AA4 /* AutomaticFilterManagerProtocol.swift in Sources */ = {isa = PBXBuildFile; fileRef = 6982FE8827A6FAFD00BF6AA4 /* AutomaticFilterManagerProtocol.swift */; };
		6982FE8B27A6FBA000BF6AA4 /* AutomaticFilterManager.swift in Sources */ = {isa = PBXBuildFile; fileRef = 6982FE8A27A6FBA000BF6AA4 /* AutomaticFilterManager.swift */; };
		6987D7FF27AACA9100B3DB84 /* mock_MessageEvaluationManager.swift in Sources */ = {isa = PBXBuildFile; fileRef = 6987D7FE27AACA9100B3DB84 /* mock_MessageEvaluationManager.swift */; };
		6987D80227AAD9E400B3DB84 /* ViewModfiers.swift in Sources */ = {isa = PBXBuildFile; fileRef = 6987D80127AAD9E400B3DB84 /* ViewModfiers.swift */; };
		698844A427A8C200005BF9DA /* FadingTextView.swift in Sources */ = {isa = PBXBuildFile; fileRef = 698844A327A8C200005BF9DA /* FadingTextView.swift */; };
		698FBAFE27B44A0700435699 /* NetworkSyncManagerProtocol.swift in Sources */ = {isa = PBXBuildFile; fileRef = 698FBAFD27B44A0700435699 /* NetworkSyncManagerProtocol.swift */; };
		698FBB0027B4629800435699 /* mock_NetworkSyncManager.swift in Sources */ = {isa = PBXBuildFile; fileRef = 698FBAFF27B4629800435699 /* mock_NetworkSyncManager.swift */; };
		699F55802778BB3100AD7C64 /* AddFilterView.swift in Sources */ = {isa = PBXBuildFile; fileRef = 699F557F2778BB3100AD7C64 /* AddFilterView.swift */; };
		69AA2C52279D755200CEABE5 /* PersistanceManagerProtocol.swift in Sources */ = {isa = PBXBuildFile; fileRef = 69AA2C51279D755200CEABE5 /* PersistanceManagerProtocol.swift */; };
		69AA2C55279D75B100CEABE5 /* AppManagerProtocol.swift in Sources */ = {isa = PBXBuildFile; fileRef = 69AA2C54279D75B100CEABE5 /* AppManagerProtocol.swift */; };
		69AA2C57279D78E700CEABE5 /* DefaultsManagerProtocol.swift in Sources */ = {isa = PBXBuildFile; fileRef = 69AA2C56279D78E700CEABE5 /* DefaultsManagerProtocol.swift */; };
		69AA2C59279D793600CEABE5 /* DefaultsManager.swift in Sources */ = {isa = PBXBuildFile; fileRef = 69AA2C58279D793600CEABE5 /* DefaultsManager.swift */; };
		69B2A9A9279CD89E000DFAFC /* AppManager.swift in Sources */ = {isa = PBXBuildFile; fileRef = 69B2A9A8279CD89E000DFAFC /* AppManager.swift */; };
		69B2A9AB279CD964000DFAFC /* PersistanceManager.swift in Sources */ = {isa = PBXBuildFile; fileRef = 69B2A9AA279CD964000DFAFC /* PersistanceManager.swift */; };
		69B2D03227A5B0E600F965AB /* StatefulItem.swift in Sources */ = {isa = PBXBuildFile; fileRef = 69B2D03127A5B0E600F965AB /* StatefulItem.swift */; };
		69CD70CA2770D4D100F91A2F /* Simply_Filter_SMSApp.swift in Sources */ = {isa = PBXBuildFile; fileRef = 69CD70C92770D4D100F91A2F /* Simply_Filter_SMSApp.swift */; };
		69CD70CC2770D4D100F91A2F /* FilterListView.swift in Sources */ = {isa = PBXBuildFile; fileRef = 69CD70CB2770D4D100F91A2F /* FilterListView.swift */; };
		69CD70CE2770D4D100F91A2F /* Assets.xcassets in Resources */ = {isa = PBXBuildFile; fileRef = 69CD70CD2770D4D100F91A2F /* Assets.xcassets */; };
		69CD70D12770D4D100F91A2F /* Preview Assets.xcassets in Resources */ = {isa = PBXBuildFile; fileRef = 69CD70D02770D4D100F91A2F /* Preview Assets.xcassets */; };
		69CD70D62770D4D100F91A2F /* Simply-Filter-SMS.xcdatamodeld in Sources */ = {isa = PBXBuildFile; fileRef = 69CD70D42770D4D100F91A2F /* Simply-Filter-SMS.xcdatamodeld */; };
		69CD70FF2770D65D00F91A2F /* MessageFilterExtension.swift in Sources */ = {isa = PBXBuildFile; fileRef = 69CD70FE2770D65D00F91A2F /* MessageFilterExtension.swift */; };
		69CD71032770D65D00F91A2F /* Message Filter Extension.appex in Embed App Extensions */ = {isa = PBXBuildFile; fileRef = 69CD70FC2770D65D00F91A2F /* Message Filter Extension.appex */; settings = {ATTRIBUTES = (RemoveHeadersOnCopy, ); }; };
		69DB7014277A1F0200245DBA /* Constsants.swift in Sources */ = {isa = PBXBuildFile; fileRef = 69DB7013277A1F0200245DBA /* Constsants.swift */; };
		69DB7015277A1F0200245DBA /* Constsants.swift in Sources */ = {isa = PBXBuildFile; fileRef = 69DB7013277A1F0200245DBA /* Constsants.swift */; };
		69DB7017277A1F2100245DBA /* AppPersistentCloudKitContainer.swift in Sources */ = {isa = PBXBuildFile; fileRef = 69DB7016277A1F2100245DBA /* AppPersistentCloudKitContainer.swift */; };
		69DB7018277A1F2100245DBA /* AppPersistentCloudKitContainer.swift in Sources */ = {isa = PBXBuildFile; fileRef = 69DB7016277A1F2100245DBA /* AppPersistentCloudKitContainer.swift */; };
		69E6F5652790E98400AD6BFA /* HelpView.swift in Sources */ = {isa = PBXBuildFile; fileRef = 69E6F5642790E98400AD6BFA /* HelpView.swift */; };
		69F3D32427B961E800D7DDA7 /* AutomaticFilterManagerTests.swift in Sources */ = {isa = PBXBuildFile; fileRef = 69F3D32327B961E800D7DDA7 /* AutomaticFilterManagerTests.swift */; };
		69F3D32827B97FA600D7DDA7 /* AmazonS3Service.swift in Sources */ = {isa = PBXBuildFile; fileRef = 69F3D32727B97FA600D7DDA7 /* AmazonS3Service.swift */; };
		69F3D32B27B9824B00D7DDA7 /* mock_AmazonS3Service.swift in Sources */ = {isa = PBXBuildFile; fileRef = 69F3D32A27B9824B00D7DDA7 /* mock_AmazonS3Service.swift */; };
		69F4096F27B948D800749552 /* AutomaticFilterListsResponse.swift in Sources */ = {isa = PBXBuildFile; fileRef = 69F4096E27B948D800749552 /* AutomaticFilterListsResponse.swift */; };
		69F4097027B948D800749552 /* AutomaticFilterListsResponse.swift in Sources */ = {isa = PBXBuildFile; fileRef = 69F4096E27B948D800749552 /* AutomaticFilterListsResponse.swift */; };
		69F4097327B9499500749552 /* AutomaticFilterListsRequest.swift in Sources */ = {isa = PBXBuildFile; fileRef = 69F4097227B9499500749552 /* AutomaticFilterListsRequest.swift */; };
		69F4097527B94A2D00749552 /* HTTPService.swift in Sources */ = {isa = PBXBuildFile; fileRef = 69F4097427B94A2D00749552 /* HTTPService.swift */; };
		69F4097727B94A9100749552 /* URLRequestProtocol.swift in Sources */ = {isa = PBXBuildFile; fileRef = 69F4097627B94A9100749552 /* URLRequestProtocol.swift */; };
		69FF9C8627921DCC007FA2DB /* QuestionView.swift in Sources */ = {isa = PBXBuildFile; fileRef = 69FF9C8527921DCC007FA2DB /* QuestionView.swift */; };
		69FF9C8827933CE9007FA2DB /* FooterView.swift in Sources */ = {isa = PBXBuildFile; fileRef = 69FF9C8727933CE9007FA2DB /* FooterView.swift */; };
/* End PBXBuildFile section */

/* Begin PBXContainerItemProxy section */
		694E53E027A42EA8009A7E0E /* PBXContainerItemProxy */ = {
			isa = PBXContainerItemProxy;
			containerPortal = 69CD70BE2770D4D100F91A2F /* Project object */;
			proxyType = 1;
			remoteGlobalIDString = 69CD70C52770D4D100F91A2F;
			remoteInfo = "Simply Filter SMS";
		};
		69CD71012770D65D00F91A2F /* PBXContainerItemProxy */ = {
			isa = PBXContainerItemProxy;
			containerPortal = 69CD70BE2770D4D100F91A2F /* Project object */;
			proxyType = 1;
			remoteGlobalIDString = 69CD70FB2770D65D00F91A2F;
			remoteInfo = "Simply Filter SMS Extension";
		};
/* End PBXContainerItemProxy section */

/* Begin PBXCopyFilesBuildPhase section */
		69CD71072770D65D00F91A2F /* Embed App Extensions */ = {
			isa = PBXCopyFilesBuildPhase;
			buildActionMask = 2147483647;
			dstPath = "";
			dstSubfolderSpec = 13;
			files = (
				69CD71032770D65D00F91A2F /* Message Filter Extension.appex in Embed App Extensions */,
			);
			name = "Embed App Extensions";
			runOnlyForDeploymentPostprocessing = 0;
		};
/* End PBXCopyFilesBuildPhase section */

/* Begin PBXFileReference section */
		690D709B27B31DC0001880DA /* NotificationView.swift */ = {isa = PBXFileReference; lastKnownFileType = sourcecode.swift; path = NotificationView.swift; sourceTree = "<group>"; };
		690F054D278200B60036553B /* ButtonStyles.swift */ = {isa = PBXFileReference; lastKnownFileType = sourcecode.swift; path = ButtonStyles.swift; sourceTree = "<group>"; };
		690F055227822DFA0036553B /* AppExtensions.swift */ = {isa = PBXFileReference; lastKnownFileType = sourcecode.swift; path = AppExtensions.swift; sourceTree = "<group>"; };
		690F09C427AC22CD00BA481F /* BaseViewModel.swift */ = {isa = PBXFileReference; lastKnownFileType = sourcecode.swift; path = BaseViewModel.swift; sourceTree = "<group>"; };
		690F09C627AC308600BA481F /* mock_AppManager.swift */ = {isa = PBXFileReference; lastKnownFileType = sourcecode.swift; path = mock_AppManager.swift; sourceTree = "<group>"; };
		690F09C827AC310600BA481F /* mock_AutomaticFilterManager.swift */ = {isa = PBXFileReference; lastKnownFileType = sourcecode.swift; path = mock_AutomaticFilterManager.swift; sourceTree = "<group>"; };
		69118BF6279DF3B3001F2613 /* TwoButtonPageView.swift */ = {isa = PBXFileReference; lastKnownFileType = sourcecode.swift; path = TwoButtonPageView.swift; sourceTree = "<group>"; };
		69118BF8279DFAEB001F2613 /* ScreenshotPageView.swift */ = {isa = PBXFileReference; lastKnownFileType = sourcecode.swift; path = ScreenshotPageView.swift; sourceTree = "<group>"; };
		6916BE7427A176650096CC8D /* Simply_Filter_SMS 3.xcdatamodel */ = {isa = PBXFileReference; lastKnownFileType = wrapper.xcdatamodel; path = "Simply_Filter_SMS 3.xcdatamodel"; sourceTree = "<group>"; };
		69189C0F27A9621100C8FFA5 /* MessageEvaluationManager.swift */ = {isa = PBXFileReference; lastKnownFileType = sourcecode.swift; path = MessageEvaluationManager.swift; sourceTree = "<group>"; };
		69189C1227A9771A00C8FFA5 /* MessageEvaluationManagerTests.swift */ = {isa = PBXFileReference; lastKnownFileType = sourcecode.swift; path = MessageEvaluationManagerTests.swift; sourceTree = "<group>"; };
		69189C1627A989C600C8FFA5 /* MessageEvaluationManagerProtocol.swift */ = {isa = PBXFileReference; lastKnownFileType = sourcecode.swift; path = MessageEvaluationManagerProtocol.swift; sourceTree = "<group>"; };
		691C370D27B400A500B3D061 /* NetworkSyncManager.swift */ = {isa = PBXFileReference; lastKnownFileType = sourcecode.swift; path = NetworkSyncManager.swift; sourceTree = "<group>"; };
		691D57C927BB2E0500DDA267 /* mock_HTTPService.swift */ = {isa = PBXFileReference; lastKnownFileType = sourcecode.swift; path = mock_HTTPService.swift; sourceTree = "<group>"; };
		69300B8527A9C4A700DF7982 /* TestFiltersView.swift */ = {isa = PBXFileReference; lastKnownFileType = sourcecode.swift; path = TestFiltersView.swift; sourceTree = "<group>"; };
		6931BAE927BB270E00636439 /* AmazonS3ServiceTests.swift */ = {isa = PBXFileReference; lastKnownFileType = sourcecode.swift; path = AmazonS3ServiceTests.swift; sourceTree = "<group>"; };
		69398EBB27B0A613003C5123 /* FilterListRowView.swift */ = {isa = PBXFileReference; lastKnownFileType = sourcecode.swift; path = FilterListRowView.swift; sourceTree = "<group>"; };
		6941FE14277DE78B00B99539 /* en */ = {isa = PBXFileReference; lastKnownFileType = text.plist.strings; name = en; path = en.lproj/Localizable.strings; sourceTree = "<group>"; };
		6941FE16277DE78E00B99539 /* he */ = {isa = PBXFileReference; lastKnownFileType = text.plist.strings; name = he; path = he.lproj/Localizable.strings; sourceTree = "<group>"; };
		6941FE17277DF88200B99539 /* EnableExtensionView.swift */ = {isa = PBXFileReference; lastKnownFileType = sourcecode.swift; path = EnableExtensionView.swift; sourceTree = "<group>"; };
		6941FE19277E19CC00B99539 /* AboutView.swift */ = {isa = PBXFileReference; lastKnownFileType = sourcecode.swift; path = AboutView.swift; sourceTree = "<group>"; };
		6941FE1B277FDBE700B99539 /* MailView.swift */ = {isa = PBXFileReference; lastKnownFileType = sourcecode.swift; path = MailView.swift; sourceTree = "<group>"; };
		694E1E8A27AEE16D00264524 /* Screen.swift */ = {isa = PBXFileReference; lastKnownFileType = sourcecode.swift; path = Screen.swift; sourceTree = "<group>"; };
		694E53DC27A42EA8009A7E0E /* Tests.xctest */ = {isa = PBXFileReference; explicitFileType = wrapper.cfbundle; includeInIndex = 0; path = Tests.xctest; sourceTree = BUILT_PRODUCTS_DIR; };
		694E53E527A42EEB009A7E0E /* mock_DefaultsManager.swift */ = {isa = PBXFileReference; lastKnownFileType = sourcecode.swift; path = mock_DefaultsManager.swift; sourceTree = "<group>"; };
		694E53E727A4300E009A7E0E /* PersistanceManagerTests.swift */ = {isa = PBXFileReference; lastKnownFileType = sourcecode.swift; path = PersistanceManagerTests.swift; sourceTree = "<group>"; };
		694E53E927A4A106009A7E0E /* mock_PersistanceManager.swift */ = {isa = PBXFileReference; lastKnownFileType = sourcecode.swift; path = mock_PersistanceManager.swift; sourceTree = "<group>"; };
		694E53EB27A4A68F009A7E0E /* FilterListViewModelTests.swift */ = {isa = PBXFileReference; lastKnownFileType = sourcecode.swift; path = FilterListViewModelTests.swift; sourceTree = "<group>"; };
		695D5BC0278DE4B50037C926 /* LanguageListView.swift */ = {isa = PBXFileReference; lastKnownFileType = sourcecode.swift; path = LanguageListView.swift; sourceTree = "<group>"; };
		695D5BC2278E01C00037C926 /* SharedExtensions.swift */ = {isa = PBXFileReference; lastKnownFileType = sourcecode.swift; path = SharedExtensions.swift; sourceTree = "<group>"; };
		696B011027A822BE0061FE15 /* AppHomeView.swift */ = {isa = PBXFileReference; lastKnownFileType = sourcecode.swift; path = AppHomeView.swift; sourceTree = "<group>"; };
		6973D01C278B537300A173CD /* CloudKit.framework */ = {isa = PBXFileReference; lastKnownFileType = wrapper.framework; name = CloudKit.framework; path = System/Library/Frameworks/CloudKit.framework; sourceTree = SDKROOT; };
		6973D01E278B54AF00A173CD /* Simply-Filter-SMS-Info.plist */ = {isa = PBXFileReference; lastKnownFileType = text.plist; path = "Simply-Filter-SMS-Info.plist"; sourceTree = SOURCE_ROOT; };
		6973D025278CE89800A173CD /* Simply_Filter_SMS 2.xcdatamodel */ = {isa = PBXFileReference; lastKnownFileType = wrapper.xcdatamodel; path = "Simply_Filter_SMS 2.xcdatamodel"; sourceTree = "<group>"; };
		6982FE8827A6FAFD00BF6AA4 /* AutomaticFilterManagerProtocol.swift */ = {isa = PBXFileReference; lastKnownFileType = sourcecode.swift; path = AutomaticFilterManagerProtocol.swift; sourceTree = "<group>"; };
		6982FE8A27A6FBA000BF6AA4 /* AutomaticFilterManager.swift */ = {isa = PBXFileReference; lastKnownFileType = sourcecode.swift; path = AutomaticFilterManager.swift; sourceTree = "<group>"; };
		6987D7FE27AACA9100B3DB84 /* mock_MessageEvaluationManager.swift */ = {isa = PBXFileReference; lastKnownFileType = sourcecode.swift; path = mock_MessageEvaluationManager.swift; sourceTree = "<group>"; };
		6987D80127AAD9E400B3DB84 /* ViewModfiers.swift */ = {isa = PBXFileReference; lastKnownFileType = sourcecode.swift; path = ViewModfiers.swift; sourceTree = "<group>"; };
		698844A327A8C200005BF9DA /* FadingTextView.swift */ = {isa = PBXFileReference; lastKnownFileType = sourcecode.swift; path = FadingTextView.swift; sourceTree = "<group>"; };
		698FBAFD27B44A0700435699 /* NetworkSyncManagerProtocol.swift */ = {isa = PBXFileReference; lastKnownFileType = sourcecode.swift; path = NetworkSyncManagerProtocol.swift; sourceTree = "<group>"; };
		698FBAFF27B4629800435699 /* mock_NetworkSyncManager.swift */ = {isa = PBXFileReference; lastKnownFileType = sourcecode.swift; path = mock_NetworkSyncManager.swift; sourceTree = "<group>"; };
		699F557F2778BB3100AD7C64 /* AddFilterView.swift */ = {isa = PBXFileReference; lastKnownFileType = sourcecode.swift; path = AddFilterView.swift; sourceTree = "<group>"; };
		69AA2C51279D755200CEABE5 /* PersistanceManagerProtocol.swift */ = {isa = PBXFileReference; lastKnownFileType = sourcecode.swift; path = PersistanceManagerProtocol.swift; sourceTree = "<group>"; };
		69AA2C54279D75B100CEABE5 /* AppManagerProtocol.swift */ = {isa = PBXFileReference; lastKnownFileType = sourcecode.swift; path = AppManagerProtocol.swift; sourceTree = "<group>"; };
		69AA2C56279D78E700CEABE5 /* DefaultsManagerProtocol.swift */ = {isa = PBXFileReference; lastKnownFileType = sourcecode.swift; path = DefaultsManagerProtocol.swift; sourceTree = "<group>"; };
		69AA2C58279D793600CEABE5 /* DefaultsManager.swift */ = {isa = PBXFileReference; lastKnownFileType = sourcecode.swift; path = DefaultsManager.swift; sourceTree = "<group>"; };
		69B2A9A8279CD89E000DFAFC /* AppManager.swift */ = {isa = PBXFileReference; lastKnownFileType = sourcecode.swift; path = AppManager.swift; sourceTree = "<group>"; };
		69B2A9AA279CD964000DFAFC /* PersistanceManager.swift */ = {isa = PBXFileReference; lastKnownFileType = sourcecode.swift; path = PersistanceManager.swift; sourceTree = "<group>"; };
		69B2D03127A5B0E600F965AB /* StatefulItem.swift */ = {isa = PBXFileReference; lastKnownFileType = sourcecode.swift; path = StatefulItem.swift; sourceTree = "<group>"; };
		69CD70C62770D4D100F91A2F /* Simply Filter SMS.app */ = {isa = PBXFileReference; explicitFileType = wrapper.application; includeInIndex = 0; path = "Simply Filter SMS.app"; sourceTree = BUILT_PRODUCTS_DIR; };
		69CD70C92770D4D100F91A2F /* Simply_Filter_SMSApp.swift */ = {isa = PBXFileReference; lastKnownFileType = sourcecode.swift; path = Simply_Filter_SMSApp.swift; sourceTree = "<group>"; };
		69CD70CB2770D4D100F91A2F /* FilterListView.swift */ = {isa = PBXFileReference; lastKnownFileType = sourcecode.swift; path = FilterListView.swift; sourceTree = "<group>"; };
		69CD70CD2770D4D100F91A2F /* Assets.xcassets */ = {isa = PBXFileReference; lastKnownFileType = folder.assetcatalog; path = Assets.xcassets; sourceTree = "<group>"; };
		69CD70D02770D4D100F91A2F /* Preview Assets.xcassets */ = {isa = PBXFileReference; lastKnownFileType = folder.assetcatalog; path = "Preview Assets.xcassets"; sourceTree = "<group>"; };
		69CD70D52770D4D100F91A2F /* Simply_Filter_SMS.xcdatamodel */ = {isa = PBXFileReference; lastKnownFileType = wrapper.xcdatamodel; path = Simply_Filter_SMS.xcdatamodel; sourceTree = "<group>"; };
		69CD70FC2770D65D00F91A2F /* Message Filter Extension.appex */ = {isa = PBXFileReference; explicitFileType = "wrapper.app-extension"; includeInIndex = 0; path = "Message Filter Extension.appex"; sourceTree = BUILT_PRODUCTS_DIR; };
		69CD70FE2770D65D00F91A2F /* MessageFilterExtension.swift */ = {isa = PBXFileReference; lastKnownFileType = sourcecode.swift; path = MessageFilterExtension.swift; sourceTree = "<group>"; };
		69CD71002770D65D00F91A2F /* Info.plist */ = {isa = PBXFileReference; lastKnownFileType = text.plist.xml; path = Info.plist; sourceTree = "<group>"; };
		69CD71082770D74300F91A2F /* Simply Filter SMS.entitlements */ = {isa = PBXFileReference; lastKnownFileType = text.plist.entitlements; path = "Simply Filter SMS.entitlements"; sourceTree = "<group>"; };
		69CD71092770D7AD00F91A2F /* Simply Filter SMS Extension.entitlements */ = {isa = PBXFileReference; lastKnownFileType = text.plist.entitlements; path = "Simply Filter SMS Extension.entitlements"; sourceTree = "<group>"; };
		69DB7013277A1F0200245DBA /* Constsants.swift */ = {isa = PBXFileReference; lastKnownFileType = sourcecode.swift; path = Constsants.swift; sourceTree = "<group>"; };
		69DB7016277A1F2100245DBA /* AppPersistentCloudKitContainer.swift */ = {isa = PBXFileReference; lastKnownFileType = sourcecode.swift; path = AppPersistentCloudKitContainer.swift; sourceTree = "<group>"; };
		69E6F5642790E98400AD6BFA /* HelpView.swift */ = {isa = PBXFileReference; lastKnownFileType = sourcecode.swift; path = HelpView.swift; sourceTree = "<group>"; };
		69F3D32327B961E800D7DDA7 /* AutomaticFilterManagerTests.swift */ = {isa = PBXFileReference; lastKnownFileType = sourcecode.swift; path = AutomaticFilterManagerTests.swift; sourceTree = "<group>"; };
		69F3D32727B97FA600D7DDA7 /* AmazonS3Service.swift */ = {isa = PBXFileReference; lastKnownFileType = sourcecode.swift; path = AmazonS3Service.swift; sourceTree = "<group>"; };
		69F3D32A27B9824B00D7DDA7 /* mock_AmazonS3Service.swift */ = {isa = PBXFileReference; lastKnownFileType = sourcecode.swift; path = mock_AmazonS3Service.swift; sourceTree = "<group>"; };
		69F4096E27B948D800749552 /* AutomaticFilterListsResponse.swift */ = {isa = PBXFileReference; lastKnownFileType = sourcecode.swift; path = AutomaticFilterListsResponse.swift; sourceTree = "<group>"; };
		69F4097227B9499500749552 /* AutomaticFilterListsRequest.swift */ = {isa = PBXFileReference; lastKnownFileType = sourcecode.swift; path = AutomaticFilterListsRequest.swift; sourceTree = "<group>"; };
		69F4097427B94A2D00749552 /* HTTPService.swift */ = {isa = PBXFileReference; lastKnownFileType = sourcecode.swift; path = HTTPService.swift; sourceTree = "<group>"; };
		69F4097627B94A9100749552 /* URLRequestProtocol.swift */ = {isa = PBXFileReference; lastKnownFileType = sourcecode.swift; path = URLRequestProtocol.swift; sourceTree = "<group>"; };
		69FF9C8527921DCC007FA2DB /* QuestionView.swift */ = {isa = PBXFileReference; lastKnownFileType = sourcecode.swift; path = QuestionView.swift; sourceTree = "<group>"; };
		69FF9C8727933CE9007FA2DB /* FooterView.swift */ = {isa = PBXFileReference; lastKnownFileType = sourcecode.swift; path = FooterView.swift; sourceTree = "<group>"; };
/* End PBXFileReference section */

/* Begin PBXFrameworksBuildPhase section */
		694E53D927A42EA8009A7E0E /* Frameworks */ = {
			isa = PBXFrameworksBuildPhase;
			buildActionMask = 2147483647;
			files = (
			);
			runOnlyForDeploymentPostprocessing = 0;
		};
		69CD70C32770D4D100F91A2F /* Frameworks */ = {
			isa = PBXFrameworksBuildPhase;
			buildActionMask = 2147483647;
			files = (
				6973D01D278B537300A173CD /* CloudKit.framework in Frameworks */,
			);
			runOnlyForDeploymentPostprocessing = 0;
		};
		69CD70F92770D65D00F91A2F /* Frameworks */ = {
			isa = PBXFrameworksBuildPhase;
			buildActionMask = 2147483647;
			files = (
			);
			runOnlyForDeploymentPostprocessing = 0;
		};
/* End PBXFrameworksBuildPhase section */

/* Begin PBXGroup section */
		690F09C127AAE2D300BA481F /* Services Layer */ = {
			isa = PBXGroup;
			children = (
				69F3D32927B9806700D7DDA7 /* Base */,
				69F4097127B9497100749552 /* Requests */,
				69F4096D27B948B300749552 /* Responses */,
				69F3D32727B97FA600D7DDA7 /* AmazonS3Service.swift */,
			);
			path = "Services Layer";
			sourceTree = "<group>";
		};
		690F09CA27AC33E900BA481F /* Mocks */ = {
			isa = PBXGroup;
			children = (
				690F09C627AC308600BA481F /* mock_AppManager.swift */,
				694E53E927A4A106009A7E0E /* mock_PersistanceManager.swift */,
				694E53E527A42EEB009A7E0E /* mock_DefaultsManager.swift */,
				690F09C827AC310600BA481F /* mock_AutomaticFilterManager.swift */,
				6987D7FE27AACA9100B3DB84 /* mock_MessageEvaluationManager.swift */,
				698FBAFF27B4629800435699 /* mock_NetworkSyncManager.swift */,
				69F3D32A27B9824B00D7DDA7 /* mock_AmazonS3Service.swift */,
				691D57C927BB2E0500DDA267 /* mock_HTTPService.swift */,
			);
			path = Mocks;
			sourceTree = "<group>";
		};
		694E53DD27A42EA8009A7E0E /* Tests */ = {
			isa = PBXGroup;
			children = (
				694E53E727A4300E009A7E0E /* PersistanceManagerTests.swift */,
				69F3D32327B961E800D7DDA7 /* AutomaticFilterManagerTests.swift */,
				6931BAE927BB270E00636439 /* AmazonS3ServiceTests.swift */,
				69189C1227A9771A00C8FFA5 /* MessageEvaluationManagerTests.swift */,
				694E53EB27A4A68F009A7E0E /* FilterListViewModelTests.swift */,
				690F09CA27AC33E900BA481F /* Mocks */,
			);
			path = Tests;
			sourceTree = "<group>";
		};
		6973D01B278B537300A173CD /* Frameworks */ = {
			isa = PBXGroup;
			children = (
				6973D01C278B537300A173CD /* CloudKit.framework */,
			);
			name = Frameworks;
			sourceTree = "<group>";
		};
		6987D80027AAD60500B3DB84 /* Screens */ = {
			isa = PBXGroup;
			children = (
				694E1E8A27AEE16D00264524 /* Screen.swift */,
				696B011027A822BE0061FE15 /* AppHomeView.swift */,
				69CD70CB2770D4D100F91A2F /* FilterListView.swift */,
				699F557F2778BB3100AD7C64 /* AddFilterView.swift */,
				695D5BC0278DE4B50037C926 /* LanguageListView.swift */,
				69300B8527A9C4A700DF7982 /* TestFiltersView.swift */,
				69E6F5642790E98400AD6BFA /* HelpView.swift */,
				6941FE17277DF88200B99539 /* EnableExtensionView.swift */,
				6941FE19277E19CC00B99539 /* AboutView.swift */,
			);
			path = Screens;
			sourceTree = "<group>";
		};
		6987D80327AADA7600B3DB84 /* Framework Layer */ = {
			isa = PBXGroup;
			children = (
				69B2A9A7279CD874000DFAFC /* Managers */,
				69DB7012277A1EDF00245DBA /* Shared with Extension */,
				690F055227822DFA0036553B /* AppExtensions.swift */,
			);
			path = "Framework Layer";
			sourceTree = "<group>";
		};
		69AA2C53279D757600CEABE5 /* Protocols */ = {
			isa = PBXGroup;
			children = (
				69AA2C54279D75B100CEABE5 /* AppManagerProtocol.swift */,
				69AA2C51279D755200CEABE5 /* PersistanceManagerProtocol.swift */,
				69AA2C56279D78E700CEABE5 /* DefaultsManagerProtocol.swift */,
				6982FE8827A6FAFD00BF6AA4 /* AutomaticFilterManagerProtocol.swift */,
				69189C1627A989C600C8FFA5 /* MessageEvaluationManagerProtocol.swift */,
				698FBAFD27B44A0700435699 /* NetworkSyncManagerProtocol.swift */,
			);
			path = Protocols;
			sourceTree = "<group>";
		};
		69B2A9A7279CD874000DFAFC /* Managers */ = {
			isa = PBXGroup;
			children = (
				69AA2C53279D757600CEABE5 /* Protocols */,
				69B2A9A8279CD89E000DFAFC /* AppManager.swift */,
				69B2A9AA279CD964000DFAFC /* PersistanceManager.swift */,
				69AA2C58279D793600CEABE5 /* DefaultsManager.swift */,
				6982FE8A27A6FBA000BF6AA4 /* AutomaticFilterManager.swift */,
				69189C0F27A9621100C8FFA5 /* MessageEvaluationManager.swift */,
				691C370D27B400A500B3D061 /* NetworkSyncManager.swift */,
			);
			path = Managers;
			sourceTree = "<group>";
		};
		69CD70BD2770D4D100F91A2F = {
			isa = PBXGroup;
			children = (
				69CD70C82770D4D100F91A2F /* Simply Filter SMS */,
				69CD70FD2770D65D00F91A2F /* Message Filter Extension */,
				694E53DD27A42EA8009A7E0E /* Tests */,
				69CD70C72770D4D100F91A2F /* Products */,
				6973D01B278B537300A173CD /* Frameworks */,
			);
			sourceTree = "<group>";
		};
		69CD70C72770D4D100F91A2F /* Products */ = {
			isa = PBXGroup;
			children = (
				69CD70C62770D4D100F91A2F /* Simply Filter SMS.app */,
				69CD70FC2770D65D00F91A2F /* Message Filter Extension.appex */,
				694E53DC27A42EA8009A7E0E /* Tests.xctest */,
			);
			name = Products;
			sourceTree = "<group>";
		};
		69CD70C82770D4D100F91A2F /* Simply Filter SMS */ = {
			isa = PBXGroup;
			children = (
				6973D01E278B54AF00A173CD /* Simply-Filter-SMS-Info.plist */,
				69CD70C92770D4D100F91A2F /* Simply_Filter_SMSApp.swift */,
				6987D80327AADA7600B3DB84 /* Framework Layer */,
				690F09C127AAE2D300BA481F /* Services Layer */,
				69DB7011277A1EBE00245DBA /* View Layer */,
				69DB7010277A03F800245DBA /* Resources */,
			);
			path = "Simply Filter SMS";
			sourceTree = "<group>";
		};
		69CD70CF2770D4D100F91A2F /* Preview Content */ = {
			isa = PBXGroup;
			children = (
				69CD70D02770D4D100F91A2F /* Preview Assets.xcassets */,
			);
			path = "Preview Content";
			sourceTree = "<group>";
		};
		69CD70FD2770D65D00F91A2F /* Message Filter Extension */ = {
			isa = PBXGroup;
			children = (
				69CD71092770D7AD00F91A2F /* Simply Filter SMS Extension.entitlements */,
				69CD70FE2770D65D00F91A2F /* MessageFilterExtension.swift */,
				69CD71002770D65D00F91A2F /* Info.plist */,
			);
			path = "Message Filter Extension";
			sourceTree = "<group>";
		};
		69DB7010277A03F800245DBA /* Resources */ = {
			isa = PBXGroup;
			children = (
				69CD70CF2770D4D100F91A2F /* Preview Content */,
				69CD70CD2770D4D100F91A2F /* Assets.xcassets */,
				69CD70D42770D4D100F91A2F /* Simply-Filter-SMS.xcdatamodeld */,
				69CD71082770D74300F91A2F /* Simply Filter SMS.entitlements */,
				6941FE15277DE78B00B99539 /* Localizable.strings */,
			);
			path = Resources;
			sourceTree = "<group>";
		};
		69DB7011277A1EBE00245DBA /* View Layer */ = {
			isa = PBXGroup;
			children = (
				6987D80027AAD60500B3DB84 /* Screens */,
				69FF9C8427921D59007FA2DB /* Others */,
			);
			path = "View Layer";
			sourceTree = "<group>";
		};
		69DB7012277A1EDF00245DBA /* Shared with Extension */ = {
			isa = PBXGroup;
			children = (
				69DB7013277A1F0200245DBA /* Constsants.swift */,
				695D5BC2278E01C00037C926 /* SharedExtensions.swift */,
				69DB7016277A1F2100245DBA /* AppPersistentCloudKitContainer.swift */,
			);
			path = "Shared with Extension";
			sourceTree = "<group>";
		};
		69F3D32927B9806700D7DDA7 /* Base */ = {
			isa = PBXGroup;
			children = (
				69F4097427B94A2D00749552 /* HTTPService.swift */,
				69F4097627B94A9100749552 /* URLRequestProtocol.swift */,
			);
			path = Base;
			sourceTree = "<group>";
		};
		69F4096D27B948B300749552 /* Responses */ = {
			isa = PBXGroup;
			children = (
				69F4096E27B948D800749552 /* AutomaticFilterListsResponse.swift */,
			);
			path = Responses;
			sourceTree = "<group>";
		};
		69F4097127B9497100749552 /* Requests */ = {
			isa = PBXGroup;
			children = (
				69F4097227B9499500749552 /* AutomaticFilterListsRequest.swift */,
			);
			path = Requests;
			sourceTree = "<group>";
		};
		69FF9C8427921D59007FA2DB /* Others */ = {
			isa = PBXGroup;
			children = (
				690F09C427AC22CD00BA481F /* BaseViewModel.swift */,
				690F054D278200B60036553B /* ButtonStyles.swift */,
				6987D80127AAD9E400B3DB84 /* ViewModfiers.swift */,
				69FF9C8527921DCC007FA2DB /* QuestionView.swift */,
				69118BF6279DF3B3001F2613 /* TwoButtonPageView.swift */,
				69118BF8279DFAEB001F2613 /* ScreenshotPageView.swift */,
				6941FE1B277FDBE700B99539 /* MailView.swift */,
				69FF9C8727933CE9007FA2DB /* FooterView.swift */,
				698844A327A8C200005BF9DA /* FadingTextView.swift */,
				69398EBB27B0A613003C5123 /* FilterListRowView.swift */,
				69B2D03127A5B0E600F965AB /* StatefulItem.swift */,
				690D709B27B31DC0001880DA /* NotificationView.swift */,
			);
			path = Others;
			sourceTree = "<group>";
		};
/* End PBXGroup section */

/* Begin PBXNativeTarget section */
		694E53DB27A42EA8009A7E0E /* Tests */ = {
			isa = PBXNativeTarget;
			buildConfigurationList = 694E53E427A42EA8009A7E0E /* Build configuration list for PBXNativeTarget "Tests" */;
			buildPhases = (
				694E53D827A42EA8009A7E0E /* Sources */,
				694E53D927A42EA8009A7E0E /* Frameworks */,
				694E53DA27A42EA8009A7E0E /* Resources */,
			);
			buildRules = (
			);
			dependencies = (
				694E53E127A42EA8009A7E0E /* PBXTargetDependency */,
			);
			name = Tests;
			productName = "Simply Filter SMS Tests";
			productReference = 694E53DC27A42EA8009A7E0E /* Tests.xctest */;
			productType = "com.apple.product-type.bundle.unit-test";
		};
		69CD70C52770D4D100F91A2F /* Simply Filter SMS */ = {
			isa = PBXNativeTarget;
			buildConfigurationList = 69CD70EF2770D4D100F91A2F /* Build configuration list for PBXNativeTarget "Simply Filter SMS" */;
			buildPhases = (
				69CD70C22770D4D100F91A2F /* Sources */,
				69CD70C32770D4D100F91A2F /* Frameworks */,
				69CD70C42770D4D100F91A2F /* Resources */,
				69CD71072770D65D00F91A2F /* Embed App Extensions */,
				69C7A42D279AF4790051B0DE /* Run BartyCrouch */,
			);
			buildRules = (
			);
			dependencies = (
				69CD71022770D65D00F91A2F /* PBXTargetDependency */,
			);
			name = "Simply Filter SMS";
			productName = "Simply Filter SMS";
			productReference = 69CD70C62770D4D100F91A2F /* Simply Filter SMS.app */;
			productType = "com.apple.product-type.application";
		};
		69CD70FB2770D65D00F91A2F /* Message Filter Extension */ = {
			isa = PBXNativeTarget;
			buildConfigurationList = 69CD71042770D65D00F91A2F /* Build configuration list for PBXNativeTarget "Message Filter Extension" */;
			buildPhases = (
				69CD70F82770D65D00F91A2F /* Sources */,
				69CD70F92770D65D00F91A2F /* Frameworks */,
				69CD70FA2770D65D00F91A2F /* Resources */,
			);
			buildRules = (
			);
			dependencies = (
			);
			name = "Message Filter Extension";
			productName = "Simply Filter SMS Extension";
			productReference = 69CD70FC2770D65D00F91A2F /* Message Filter Extension.appex */;
			productType = "com.apple.product-type.app-extension";
		};
/* End PBXNativeTarget section */

/* Begin PBXProject section */
		69CD70BE2770D4D100F91A2F /* Project object */ = {
			isa = PBXProject;
			attributes = {
				BuildIndependentTargetsInParallel = 1;
				LastSwiftUpdateCheck = 1320;
				LastUpgradeCheck = 1320;
				TargetAttributes = {
					694E53DB27A42EA8009A7E0E = {
						CreatedOnToolsVersion = 13.2.1;
						TestTargetID = 69CD70C52770D4D100F91A2F;
					};
					69CD70C52770D4D100F91A2F = {
						CreatedOnToolsVersion = 13.2.1;
					};
					69CD70FB2770D65D00F91A2F = {
						CreatedOnToolsVersion = 13.2.1;
					};
				};
			};
			buildConfigurationList = 69CD70C12770D4D100F91A2F /* Build configuration list for PBXProject "Simply Filter SMS" */;
			compatibilityVersion = "Xcode 13.0";
			developmentRegion = en;
			hasScannedForEncodings = 0;
			knownRegions = (
				en,
				he,
				Base,
			);
			mainGroup = 69CD70BD2770D4D100F91A2F;
			productRefGroup = 69CD70C72770D4D100F91A2F /* Products */;
			projectDirPath = "";
			projectRoot = "";
			targets = (
				69CD70C52770D4D100F91A2F /* Simply Filter SMS */,
				69CD70FB2770D65D00F91A2F /* Message Filter Extension */,
				694E53DB27A42EA8009A7E0E /* Tests */,
			);
		};
/* End PBXProject section */

/* Begin PBXResourcesBuildPhase section */
		694E53DA27A42EA8009A7E0E /* Resources */ = {
			isa = PBXResourcesBuildPhase;
			buildActionMask = 2147483647;
			files = (
			);
			runOnlyForDeploymentPostprocessing = 0;
		};
		69CD70C42770D4D100F91A2F /* Resources */ = {
			isa = PBXResourcesBuildPhase;
			buildActionMask = 2147483647;
			files = (
				69CD70D12770D4D100F91A2F /* Preview Assets.xcassets in Resources */,
				6941FE13277DE78B00B99539 /* Localizable.strings in Resources */,
				69CD70CE2770D4D100F91A2F /* Assets.xcassets in Resources */,
			);
			runOnlyForDeploymentPostprocessing = 0;
		};
		69CD70FA2770D65D00F91A2F /* Resources */ = {
			isa = PBXResourcesBuildPhase;
			buildActionMask = 2147483647;
			files = (
			);
			runOnlyForDeploymentPostprocessing = 0;
		};
/* End PBXResourcesBuildPhase section */

/* Begin PBXShellScriptBuildPhase section */
		69C7A42D279AF4790051B0DE /* Run BartyCrouch */ = {
			isa = PBXShellScriptBuildPhase;
			buildActionMask = 2147483647;
			files = (
			);
			inputFileListPaths = (
			);
			inputPaths = (
			);
			name = "Run BartyCrouch";
			outputFileListPaths = (
			);
			outputPaths = (
			);
			runOnlyForDeploymentPostprocessing = 0;
			shellPath = /bin/sh;
			shellScript = "if which bartycrouch > /dev/null; then\n    bartycrouch update -x\n    bartycrouch lint -x\nelse\n    if which /opt/homebrew/bin/bartycrouch > /dev/null; then\n      /opt/homebrew/bin/bartycrouch update -x\n      /opt/homebrew/bin/bartycrouch lint -x\n    else\n      echo \"warning: BartyCrouch not installed, download it from https://github.com/Flinesoft/BartyCrouch\"\n    fi\nfi\n";
		};
/* End PBXShellScriptBuildPhase section */

/* Begin PBXSourcesBuildPhase section */
		694E53D827A42EA8009A7E0E /* Sources */ = {
			isa = PBXSourcesBuildPhase;
			buildActionMask = 2147483647;
			files = (
				694E53E627A42EEB009A7E0E /* mock_DefaultsManager.swift in Sources */,
				6931BAEA27BB270E00636439 /* AmazonS3ServiceTests.swift in Sources */,
				691D57CA27BB2E0500DDA267 /* mock_HTTPService.swift in Sources */,
				694E53E827A4300E009A7E0E /* PersistanceManagerTests.swift in Sources */,
				690F09C727AC308600BA481F /* mock_AppManager.swift in Sources */,
				69189C1327A9771A00C8FFA5 /* MessageEvaluationManagerTests.swift in Sources */,
				6987D7FF27AACA9100B3DB84 /* mock_MessageEvaluationManager.swift in Sources */,
				694E53EC27A4A68F009A7E0E /* FilterListViewModelTests.swift in Sources */,
				698FBB0027B4629800435699 /* mock_NetworkSyncManager.swift in Sources */,
				694E53EA27A4A106009A7E0E /* mock_PersistanceManager.swift in Sources */,
				69F3D32B27B9824B00D7DDA7 /* mock_AmazonS3Service.swift in Sources */,
				690F09C927AC310600BA481F /* mock_AutomaticFilterManager.swift in Sources */,
				69F3D32427B961E800D7DDA7 /* AutomaticFilterManagerTests.swift in Sources */,
			);
			runOnlyForDeploymentPostprocessing = 0;
		};
		69CD70C22770D4D100F91A2F /* Sources */ = {
			isa = PBXSourcesBuildPhase;
			buildActionMask = 2147483647;
			files = (
				690F09C527AC22CD00BA481F /* BaseViewModel.swift in Sources */,
				69F3D32827B97FA600D7DDA7 /* AmazonS3Service.swift in Sources */,
				698844A427A8C200005BF9DA /* FadingTextView.swift in Sources */,
				69B2D03227A5B0E600F965AB /* StatefulItem.swift in Sources */,
				69300B8627A9C4A700DF7982 /* TestFiltersView.swift in Sources */,
				699F55802778BB3100AD7C64 /* AddFilterView.swift in Sources */,
				69AA2C57279D78E700CEABE5 /* DefaultsManagerProtocol.swift in Sources */,
				69189C1727A989C600C8FFA5 /* MessageEvaluationManagerProtocol.swift in Sources */,
				69CD70CC2770D4D100F91A2F /* FilterListView.swift in Sources */,
				69F4097727B94A9100749552 /* URLRequestProtocol.swift in Sources */,
				69F4097527B94A2D00749552 /* HTTPService.swift in Sources */,
				6982FE8B27A6FBA000BF6AA4 /* AutomaticFilterManager.swift in Sources */,
				69189C1527A97F7400C8FFA5 /* MessageEvaluationManager.swift in Sources */,
				69FF9C8827933CE9007FA2DB /* FooterView.swift in Sources */,
				69398EBC27B0A613003C5123 /* FilterListRowView.swift in Sources */,
				690F054E278200B60036553B /* ButtonStyles.swift in Sources */,
				6941FE18277DF88200B99539 /* EnableExtensionView.swift in Sources */,
				69AA2C59279D793600CEABE5 /* DefaultsManager.swift in Sources */,
				69F4097327B9499500749552 /* AutomaticFilterListsRequest.swift in Sources */,
				6941FE1A277E19CC00B99539 /* AboutView.swift in Sources */,
				69E6F5652790E98400AD6BFA /* HelpView.swift in Sources */,
				695D5BC1278DE4B50037C926 /* LanguageListView.swift in Sources */,
				69DB7014277A1F0200245DBA /* Constsants.swift in Sources */,
				69FF9C8627921DCC007FA2DB /* QuestionView.swift in Sources */,
				69CD70CA2770D4D100F91A2F /* Simply_Filter_SMSApp.swift in Sources */,
				695D5BC3278E01C00037C926 /* SharedExtensions.swift in Sources */,
				69B2A9A9279CD89E000DFAFC /* AppManager.swift in Sources */,
				69B2A9AB279CD964000DFAFC /* PersistanceManager.swift in Sources */,
				69F4096F27B948D800749552 /* AutomaticFilterListsResponse.swift in Sources */,
				6987D80227AAD9E400B3DB84 /* ViewModfiers.swift in Sources */,
				698FBAFE27B44A0700435699 /* NetworkSyncManagerProtocol.swift in Sources */,
				69CD70D62770D4D100F91A2F /* Simply-Filter-SMS.xcdatamodeld in Sources */,
				69118BF9279DFAEB001F2613 /* ScreenshotPageView.swift in Sources */,
				690D709C27B31DC0001880DA /* NotificationView.swift in Sources */,
				69118BF7279DF3B3001F2613 /* TwoButtonPageView.swift in Sources */,
				694E1E8B27AEE16D00264524 /* Screen.swift in Sources */,
				690F055327822DFA0036553B /* AppExtensions.swift in Sources */,
				6982FE8927A6FAFD00BF6AA4 /* AutomaticFilterManagerProtocol.swift in Sources */,
				696B011127A822BE0061FE15 /* AppHomeView.swift in Sources */,
				691C370E27B400A500B3D061 /* NetworkSyncManager.swift in Sources */,
				69AA2C55279D75B100CEABE5 /* AppManagerProtocol.swift in Sources */,
				69DB7017277A1F2100245DBA /* AppPersistentCloudKitContainer.swift in Sources */,
				69AA2C52279D755200CEABE5 /* PersistanceManagerProtocol.swift in Sources */,
				6941FE1C277FDBE700B99539 /* MailView.swift in Sources */,
			);
			runOnlyForDeploymentPostprocessing = 0;
		};
		69CD70F82770D65D00F91A2F /* Sources */ = {
			isa = PBXSourcesBuildPhase;
			buildActionMask = 2147483647;
			files = (
				695D5BC4278E01C00037C926 /* SharedExtensions.swift in Sources */,
				691D57CB27BBE63300DDA267 /* MessageEvaluationManager.swift in Sources */,
				69F4097027B948D800749552 /* AutomaticFilterListsResponse.swift in Sources */,
				69CD70FF2770D65D00F91A2F /* MessageFilterExtension.swift in Sources */,
				69DB7018277A1F2100245DBA /* AppPersistentCloudKitContainer.swift in Sources */,
				694A073227760E5800C92D78 /* Simply-Filter-SMS.xcdatamodeld in Sources */,
				69189C1827A989C600C8FFA5 /* MessageEvaluationManagerProtocol.swift in Sources */,
				69DB7015277A1F0200245DBA /* Constsants.swift in Sources */,
			);
			runOnlyForDeploymentPostprocessing = 0;
		};
/* End PBXSourcesBuildPhase section */

/* Begin PBXTargetDependency section */
		694E53E127A42EA8009A7E0E /* PBXTargetDependency */ = {
			isa = PBXTargetDependency;
			target = 69CD70C52770D4D100F91A2F /* Simply Filter SMS */;
			targetProxy = 694E53E027A42EA8009A7E0E /* PBXContainerItemProxy */;
		};
		69CD71022770D65D00F91A2F /* PBXTargetDependency */ = {
			isa = PBXTargetDependency;
			target = 69CD70FB2770D65D00F91A2F /* Message Filter Extension */;
			targetProxy = 69CD71012770D65D00F91A2F /* PBXContainerItemProxy */;
		};
/* End PBXTargetDependency section */

/* Begin PBXVariantGroup section */
		6941FE15277DE78B00B99539 /* Localizable.strings */ = {
			isa = PBXVariantGroup;
			children = (
				6941FE14277DE78B00B99539 /* en */,
				6941FE16277DE78E00B99539 /* he */,
			);
			name = Localizable.strings;
			sourceTree = "<group>";
		};
/* End PBXVariantGroup section */

/* Begin XCBuildConfiguration section */
		694E53E227A42EA8009A7E0E /* Debug */ = {
			isa = XCBuildConfiguration;
			buildSettings = {
				BUNDLE_LOADER = "$(TEST_HOST)";
				CODE_SIGN_STYLE = Automatic;
				CURRENT_PROJECT_VERSION = 1;
				DEVELOPMENT_TEAM = AL28LDR9PU;
				GENERATE_INFOPLIST_FILE = YES;
				IPHONEOS_DEPLOYMENT_TARGET = 15.2;
				MARKETING_VERSION = 1.0;
				PRODUCT_BUNDLE_IDENTIFIER = "com.grizz.apps.dev.Simply-Filter-SMS-Tests";
				PRODUCT_NAME = "$(TARGET_NAME)";
				SWIFT_EMIT_LOC_STRINGS = NO;
				SWIFT_VERSION = 5.0;
				TARGETED_DEVICE_FAMILY = "1,2";
				TEST_HOST = "$(BUILT_PRODUCTS_DIR)/Simply Filter SMS.app/Simply Filter SMS";
			};
			name = Debug;
		};
		694E53E327A42EA8009A7E0E /* Release */ = {
			isa = XCBuildConfiguration;
			buildSettings = {
				BUNDLE_LOADER = "$(TEST_HOST)";
				CODE_SIGN_STYLE = Automatic;
				CURRENT_PROJECT_VERSION = 1;
				DEVELOPMENT_TEAM = AL28LDR9PU;
				GENERATE_INFOPLIST_FILE = YES;
				IPHONEOS_DEPLOYMENT_TARGET = 15.2;
				MARKETING_VERSION = 1.0;
				PRODUCT_BUNDLE_IDENTIFIER = "com.grizz.apps.dev.Simply-Filter-SMS-Tests";
				PRODUCT_NAME = "$(TARGET_NAME)";
				SWIFT_EMIT_LOC_STRINGS = NO;
				SWIFT_VERSION = 5.0;
				TARGETED_DEVICE_FAMILY = "1,2";
				TEST_HOST = "$(BUILT_PRODUCTS_DIR)/Simply Filter SMS.app/Simply Filter SMS";
			};
			name = Release;
		};
		69CD70ED2770D4D100F91A2F /* Debug */ = {
			isa = XCBuildConfiguration;
			buildSettings = {
				ALWAYS_SEARCH_USER_PATHS = NO;
				CLANG_ANALYZER_NONNULL = YES;
				CLANG_ANALYZER_NUMBER_OBJECT_CONVERSION = YES_AGGRESSIVE;
				CLANG_CXX_LANGUAGE_STANDARD = "gnu++17";
				CLANG_CXX_LIBRARY = "libc++";
				CLANG_ENABLE_MODULES = YES;
				CLANG_ENABLE_OBJC_ARC = YES;
				CLANG_ENABLE_OBJC_WEAK = YES;
				CLANG_WARN_BLOCK_CAPTURE_AUTORELEASING = YES;
				CLANG_WARN_BOOL_CONVERSION = YES;
				CLANG_WARN_COMMA = YES;
				CLANG_WARN_CONSTANT_CONVERSION = YES;
				CLANG_WARN_DEPRECATED_OBJC_IMPLEMENTATIONS = YES;
				CLANG_WARN_DIRECT_OBJC_ISA_USAGE = YES_ERROR;
				CLANG_WARN_DOCUMENTATION_COMMENTS = YES;
				CLANG_WARN_EMPTY_BODY = YES;
				CLANG_WARN_ENUM_CONVERSION = YES;
				CLANG_WARN_INFINITE_RECURSION = YES;
				CLANG_WARN_INT_CONVERSION = YES;
				CLANG_WARN_NON_LITERAL_NULL_CONVERSION = YES;
				CLANG_WARN_OBJC_IMPLICIT_RETAIN_SELF = YES;
				CLANG_WARN_OBJC_LITERAL_CONVERSION = YES;
				CLANG_WARN_OBJC_ROOT_CLASS = YES_ERROR;
				CLANG_WARN_QUOTED_INCLUDE_IN_FRAMEWORK_HEADER = YES;
				CLANG_WARN_RANGE_LOOP_ANALYSIS = YES;
				CLANG_WARN_STRICT_PROTOTYPES = YES;
				CLANG_WARN_SUSPICIOUS_MOVE = YES;
				CLANG_WARN_UNGUARDED_AVAILABILITY = YES_AGGRESSIVE;
				CLANG_WARN_UNREACHABLE_CODE = YES;
				CLANG_WARN__DUPLICATE_METHOD_MATCH = YES;
				COPY_PHASE_STRIP = NO;
				DEBUG_INFORMATION_FORMAT = dwarf;
				ENABLE_STRICT_OBJC_MSGSEND = YES;
				ENABLE_TESTABILITY = YES;
				GCC_C_LANGUAGE_STANDARD = gnu11;
				GCC_DYNAMIC_NO_PIC = NO;
				GCC_NO_COMMON_BLOCKS = YES;
				GCC_OPTIMIZATION_LEVEL = 0;
				GCC_PREPROCESSOR_DEFINITIONS = (
					"DEBUG=1",
					"$(inherited)",
				);
				GCC_WARN_64_TO_32_BIT_CONVERSION = YES;
				GCC_WARN_ABOUT_RETURN_TYPE = YES_ERROR;
				GCC_WARN_UNDECLARED_SELECTOR = YES;
				GCC_WARN_UNINITIALIZED_AUTOS = YES_AGGRESSIVE;
				GCC_WARN_UNUSED_FUNCTION = YES;
				GCC_WARN_UNUSED_VARIABLE = YES;
				IPHONEOS_DEPLOYMENT_TARGET = 15.0;
				MTL_ENABLE_DEBUG_INFO = INCLUDE_SOURCE;
				MTL_FAST_MATH = YES;
				ONLY_ACTIVE_ARCH = YES;
				SDKROOT = iphoneos;
				SWIFT_ACTIVE_COMPILATION_CONDITIONS = DEBUG;
				SWIFT_OPTIMIZATION_LEVEL = "-Onone";
			};
			name = Debug;
		};
		69CD70EE2770D4D100F91A2F /* Release */ = {
			isa = XCBuildConfiguration;
			buildSettings = {
				ALWAYS_SEARCH_USER_PATHS = NO;
				CLANG_ANALYZER_NONNULL = YES;
				CLANG_ANALYZER_NUMBER_OBJECT_CONVERSION = YES_AGGRESSIVE;
				CLANG_CXX_LANGUAGE_STANDARD = "gnu++17";
				CLANG_CXX_LIBRARY = "libc++";
				CLANG_ENABLE_MODULES = YES;
				CLANG_ENABLE_OBJC_ARC = YES;
				CLANG_ENABLE_OBJC_WEAK = YES;
				CLANG_WARN_BLOCK_CAPTURE_AUTORELEASING = YES;
				CLANG_WARN_BOOL_CONVERSION = YES;
				CLANG_WARN_COMMA = YES;
				CLANG_WARN_CONSTANT_CONVERSION = YES;
				CLANG_WARN_DEPRECATED_OBJC_IMPLEMENTATIONS = YES;
				CLANG_WARN_DIRECT_OBJC_ISA_USAGE = YES_ERROR;
				CLANG_WARN_DOCUMENTATION_COMMENTS = YES;
				CLANG_WARN_EMPTY_BODY = YES;
				CLANG_WARN_ENUM_CONVERSION = YES;
				CLANG_WARN_INFINITE_RECURSION = YES;
				CLANG_WARN_INT_CONVERSION = YES;
				CLANG_WARN_NON_LITERAL_NULL_CONVERSION = YES;
				CLANG_WARN_OBJC_IMPLICIT_RETAIN_SELF = YES;
				CLANG_WARN_OBJC_LITERAL_CONVERSION = YES;
				CLANG_WARN_OBJC_ROOT_CLASS = YES_ERROR;
				CLANG_WARN_QUOTED_INCLUDE_IN_FRAMEWORK_HEADER = YES;
				CLANG_WARN_RANGE_LOOP_ANALYSIS = YES;
				CLANG_WARN_STRICT_PROTOTYPES = YES;
				CLANG_WARN_SUSPICIOUS_MOVE = YES;
				CLANG_WARN_UNGUARDED_AVAILABILITY = YES_AGGRESSIVE;
				CLANG_WARN_UNREACHABLE_CODE = YES;
				CLANG_WARN__DUPLICATE_METHOD_MATCH = YES;
				COPY_PHASE_STRIP = NO;
				DEBUG_INFORMATION_FORMAT = "dwarf-with-dsym";
				ENABLE_NS_ASSERTIONS = NO;
				ENABLE_STRICT_OBJC_MSGSEND = YES;
				GCC_C_LANGUAGE_STANDARD = gnu11;
				GCC_NO_COMMON_BLOCKS = YES;
				GCC_WARN_64_TO_32_BIT_CONVERSION = YES;
				GCC_WARN_ABOUT_RETURN_TYPE = YES_ERROR;
				GCC_WARN_UNDECLARED_SELECTOR = YES;
				GCC_WARN_UNINITIALIZED_AUTOS = YES_AGGRESSIVE;
				GCC_WARN_UNUSED_FUNCTION = YES;
				GCC_WARN_UNUSED_VARIABLE = YES;
				IPHONEOS_DEPLOYMENT_TARGET = 15.0;
				MTL_ENABLE_DEBUG_INFO = NO;
				MTL_FAST_MATH = YES;
				SDKROOT = iphoneos;
				SWIFT_COMPILATION_MODE = wholemodule;
				SWIFT_OPTIMIZATION_LEVEL = "-O";
				VALIDATE_PRODUCT = YES;
			};
			name = Release;
		};
		69CD70F02770D4D100F91A2F /* Debug */ = {
			isa = XCBuildConfiguration;
			buildSettings = {
				ALWAYS_EMBED_SWIFT_STANDARD_LIBRARIES = YES;
				ASSETCATALOG_COMPILER_APPICON_NAME = AppIcon;
				ASSETCATALOG_COMPILER_GLOBAL_ACCENT_COLOR_NAME = AccentColor;
				CODE_SIGN_ENTITLEMENTS = "Simply Filter SMS/Resources/Simply Filter SMS.entitlements";
				CODE_SIGN_IDENTITY = "iPhone Developer";
				CODE_SIGN_STYLE = Manual;
				CURRENT_PROJECT_VERSION = 202202171853;
				DEVELOPMENT_ASSET_PATHS = "\"Simply Filter SMS/Resources/Preview Content\"";
				DEVELOPMENT_TEAM = AL28LDR9PU;
				ENABLE_PREVIEWS = YES;
				GENERATE_INFOPLIST_FILE = YES;
				INFOPLIST_FILE = "Simply-Filter-SMS-Info.plist";
				INFOPLIST_KEY_UIApplicationSceneManifest_Generation = YES;
				INFOPLIST_KEY_UIApplicationSupportsIndirectInputEvents = YES;
				INFOPLIST_KEY_UILaunchScreen_Generation = YES;
				INFOPLIST_KEY_UISupportedInterfaceOrientations = "";
				INFOPLIST_KEY_UISupportedInterfaceOrientations_iPad = "UIInterfaceOrientationPortrait UIInterfaceOrientationPortraitUpsideDown UIInterfaceOrientationLandscapeLeft UIInterfaceOrientationLandscapeRight";
				INFOPLIST_KEY_UISupportedInterfaceOrientations_iPhone = "UIInterfaceOrientationPortrait UIInterfaceOrientationLandscapeLeft UIInterfaceOrientationLandscapeRight";
				LD_RUNPATH_SEARCH_PATHS = (
					"$(inherited)",
					"@executable_path/Frameworks",
				);
				MARKETING_VERSION = 1.1.0;
				PRODUCT_BUNDLE_IDENTIFIER = "com.grizz.apps.dev.Simply-Filter-SMS";
				PRODUCT_NAME = "$(TARGET_NAME)";
				PROVISIONING_PROFILE_SPECIFIER = "Development - Offline";
				SWIFT_EMIT_LOC_STRINGS = YES;
				SWIFT_VERSION = 5.0;
				TARGETED_DEVICE_FAMILY = 1;
			};
			name = Debug;
		};
		69CD70F12770D4D100F91A2F /* Release */ = {
			isa = XCBuildConfiguration;
			buildSettings = {
				ALWAYS_EMBED_SWIFT_STANDARD_LIBRARIES = YES;
				ASSETCATALOG_COMPILER_APPICON_NAME = AppIcon;
				ASSETCATALOG_COMPILER_GLOBAL_ACCENT_COLOR_NAME = AccentColor;
				CODE_SIGN_ENTITLEMENTS = "Simply Filter SMS/Resources/Simply Filter SMS.entitlements";
				CODE_SIGN_IDENTITY = "Apple Development";
				CODE_SIGN_STYLE = Automatic;
				CURRENT_PROJECT_VERSION = 202202171853;
				DEVELOPMENT_ASSET_PATHS = "\"Simply Filter SMS/Resources/Preview Content\"";
				DEVELOPMENT_TEAM = AL28LDR9PU;
				ENABLE_PREVIEWS = YES;
				GENERATE_INFOPLIST_FILE = YES;
				INFOPLIST_FILE = "Simply-Filter-SMS-Info.plist";
				INFOPLIST_KEY_UIApplicationSceneManifest_Generation = YES;
				INFOPLIST_KEY_UIApplicationSupportsIndirectInputEvents = YES;
				INFOPLIST_KEY_UILaunchScreen_Generation = YES;
				INFOPLIST_KEY_UISupportedInterfaceOrientations = "";
				INFOPLIST_KEY_UISupportedInterfaceOrientations_iPad = "UIInterfaceOrientationPortrait UIInterfaceOrientationPortraitUpsideDown UIInterfaceOrientationLandscapeLeft UIInterfaceOrientationLandscapeRight";
				INFOPLIST_KEY_UISupportedInterfaceOrientations_iPhone = "UIInterfaceOrientationPortrait UIInterfaceOrientationLandscapeLeft UIInterfaceOrientationLandscapeRight";
				LD_RUNPATH_SEARCH_PATHS = (
					"$(inherited)",
					"@executable_path/Frameworks",
				);
				MARKETING_VERSION = 1.1.0;
				PRODUCT_BUNDLE_IDENTIFIER = "com.grizz.apps.dev.Simply-Filter-SMS";
				PRODUCT_NAME = "$(TARGET_NAME)";
				PROVISIONING_PROFILE_SPECIFIER = "";
				SWIFT_EMIT_LOC_STRINGS = YES;
				SWIFT_VERSION = 5.0;
				TARGETED_DEVICE_FAMILY = 1;
			};
			name = Release;
		};
		69CD71052770D65D00F91A2F /* Debug */ = {
			isa = XCBuildConfiguration;
			buildSettings = {
				CODE_SIGN_ENTITLEMENTS = "Message Filter Extension/Simply Filter SMS Extension.entitlements";
				CODE_SIGN_STYLE = Automatic;
				CURRENT_PROJECT_VERSION = 202202171853;
				DEVELOPMENT_TEAM = AL28LDR9PU;
				GENERATE_INFOPLIST_FILE = YES;
				INFOPLIST_FILE = "Message Filter Extension/Info.plist";
				INFOPLIST_KEY_CFBundleDisplayName = "Simply Filter SMS Extension";
				INFOPLIST_KEY_NSHumanReadableCopyright = "";
				LD_RUNPATH_SEARCH_PATHS = (
					"$(inherited)",
					"@executable_path/Frameworks",
					"@executable_path/../../Frameworks",
				);
				MARKETING_VERSION = 1.1.0;
				PRODUCT_BUNDLE_IDENTIFIER = "com.grizz.apps.dev.Simply-Filter-SMS.Simply-Filter-SMS-Extension";
				PRODUCT_NAME = "$(TARGET_NAME)";
				SKIP_INSTALL = YES;
				SWIFT_EMIT_LOC_STRINGS = YES;
				SWIFT_VERSION = 5.0;
				TARGETED_DEVICE_FAMILY = 1;
			};
			name = Debug;
		};
		69CD71062770D65D00F91A2F /* Release */ = {
			isa = XCBuildConfiguration;
			buildSettings = {
				CODE_SIGN_ENTITLEMENTS = "Message Filter Extension/Simply Filter SMS Extension.entitlements";
				CODE_SIGN_STYLE = Automatic;
				CURRENT_PROJECT_VERSION = 202202171853;
				DEVELOPMENT_TEAM = AL28LDR9PU;
				GENERATE_INFOPLIST_FILE = YES;
				INFOPLIST_FILE = "Message Filter Extension/Info.plist";
				INFOPLIST_KEY_CFBundleDisplayName = "Simply Filter SMS Extension";
				INFOPLIST_KEY_NSHumanReadableCopyright = "";
				LD_RUNPATH_SEARCH_PATHS = (
					"$(inherited)",
					"@executable_path/Frameworks",
					"@executable_path/../../Frameworks",
				);
				MARKETING_VERSION = 1.1.0;
				PRODUCT_BUNDLE_IDENTIFIER = "com.grizz.apps.dev.Simply-Filter-SMS.Simply-Filter-SMS-Extension";
				PRODUCT_NAME = "$(TARGET_NAME)";
				SKIP_INSTALL = YES;
				SWIFT_EMIT_LOC_STRINGS = YES;
				SWIFT_VERSION = 5.0;
				TARGETED_DEVICE_FAMILY = 1;
			};
			name = Release;
		};
/* End XCBuildConfiguration section */

/* Begin XCConfigurationList section */
		694E53E427A42EA8009A7E0E /* Build configuration list for PBXNativeTarget "Tests" */ = {
			isa = XCConfigurationList;
			buildConfigurations = (
				694E53E227A42EA8009A7E0E /* Debug */,
				694E53E327A42EA8009A7E0E /* Release */,
			);
			defaultConfigurationIsVisible = 0;
			defaultConfigurationName = Release;
		};
		69CD70C12770D4D100F91A2F /* Build configuration list for PBXProject "Simply Filter SMS" */ = {
			isa = XCConfigurationList;
			buildConfigurations = (
				69CD70ED2770D4D100F91A2F /* Debug */,
				69CD70EE2770D4D100F91A2F /* Release */,
			);
			defaultConfigurationIsVisible = 0;
			defaultConfigurationName = Release;
		};
		69CD70EF2770D4D100F91A2F /* Build configuration list for PBXNativeTarget "Simply Filter SMS" */ = {
			isa = XCConfigurationList;
			buildConfigurations = (
				69CD70F02770D4D100F91A2F /* Debug */,
				69CD70F12770D4D100F91A2F /* Release */,
			);
			defaultConfigurationIsVisible = 0;
			defaultConfigurationName = Release;
		};
		69CD71042770D65D00F91A2F /* Build configuration list for PBXNativeTarget "Message Filter Extension" */ = {
			isa = XCConfigurationList;
			buildConfigurations = (
				69CD71052770D65D00F91A2F /* Debug */,
				69CD71062770D65D00F91A2F /* Release */,
			);
			defaultConfigurationIsVisible = 0;
			defaultConfigurationName = Release;
		};
/* End XCConfigurationList section */

/* Begin XCVersionGroup section */
		69CD70D42770D4D100F91A2F /* Simply-Filter-SMS.xcdatamodeld */ = {
			isa = XCVersionGroup;
			children = (
				6916BE7427A176650096CC8D /* Simply_Filter_SMS 3.xcdatamodel */,
				6973D025278CE89800A173CD /* Simply_Filter_SMS 2.xcdatamodel */,
				69CD70D52770D4D100F91A2F /* Simply_Filter_SMS.xcdatamodel */,
			);
			currentVersion = 6916BE7427A176650096CC8D /* Simply_Filter_SMS 3.xcdatamodel */;
			path = "Simply-Filter-SMS.xcdatamodeld";
			sourceTree = "<group>";
			versionGroupType = wrapper.xcdatamodel;
		};
/* End XCVersionGroup section */
	};
	rootObject = 69CD70BE2770D4D100F91A2F /* Project object */;
}
