// !$*UTF8*$!
{
	archiveVersion = 1;
	classes = {
	};
	objectVersion = 55;
	objects = {

/* Begin PBXBuildFile section */
		6941FE13277DE78B00B99539 /* Localizable.strings in Resources */ = {isa = PBXBuildFile; fileRef = 6941FE15277DE78B00B99539 /* Localizable.strings */; };
		6941FE18277DF88200B99539 /* EnableExtensionView.swift in Sources */ = {isa = PBXBuildFile; fileRef = 6941FE17277DF88200B99539 /* EnableExtensionView.swift */; };
		6941FE1A277E19CC00B99539 /* AboutView.swift in Sources */ = {isa = PBXBuildFile; fileRef = 6941FE19277E19CC00B99539 /* AboutView.swift */; };
		694A073227760E5800C92D78 /* Simply-Filter-SMS.xcdatamodeld in Sources */ = {isa = PBXBuildFile; fileRef = 69CD70D42770D4D100F91A2F /* Simply-Filter-SMS.xcdatamodeld */; };
		699F55802778BB3100AD7C64 /* AddFilterView.swift in Sources */ = {isa = PBXBuildFile; fileRef = 699F557F2778BB3100AD7C64 /* AddFilterView.swift */; };
		69CD70CA2770D4D100F91A2F /* Simply_Filter_SMSApp.swift in Sources */ = {isa = PBXBuildFile; fileRef = 69CD70C92770D4D100F91A2F /* Simply_Filter_SMSApp.swift */; };
		69CD70CC2770D4D100F91A2F /* FilterListView.swift in Sources */ = {isa = PBXBuildFile; fileRef = 69CD70CB2770D4D100F91A2F /* FilterListView.swift */; };
		69CD70CE2770D4D100F91A2F /* Assets.xcassets in Resources */ = {isa = PBXBuildFile; fileRef = 69CD70CD2770D4D100F91A2F /* Assets.xcassets */; };
		69CD70D12770D4D100F91A2F /* Preview Assets.xcassets in Resources */ = {isa = PBXBuildFile; fileRef = 69CD70D02770D4D100F91A2F /* Preview Assets.xcassets */; };
		69CD70D32770D4D100F91A2F /* PersistenceController.swift in Sources */ = {isa = PBXBuildFile; fileRef = 69CD70D22770D4D100F91A2F /* PersistenceController.swift */; };
		69CD70D62770D4D100F91A2F /* Simply-Filter-SMS.xcdatamodeld in Sources */ = {isa = PBXBuildFile; fileRef = 69CD70D42770D4D100F91A2F /* Simply-Filter-SMS.xcdatamodeld */; };
		69CD70FF2770D65D00F91A2F /* MessageFilterExtension.swift in Sources */ = {isa = PBXBuildFile; fileRef = 69CD70FE2770D65D00F91A2F /* MessageFilterExtension.swift */; };
		69CD71032770D65D00F91A2F /* Simply Filter SMS Extension.appex in Embed App Extensions */ = {isa = PBXBuildFile; fileRef = 69CD70FC2770D65D00F91A2F /* Simply Filter SMS Extension.appex */; settings = {ATTRIBUTES = (RemoveHeadersOnCopy, ); }; };
		69DB7014277A1F0200245DBA /* Constsants.swift in Sources */ = {isa = PBXBuildFile; fileRef = 69DB7013277A1F0200245DBA /* Constsants.swift */; };
		69DB7015277A1F0200245DBA /* Constsants.swift in Sources */ = {isa = PBXBuildFile; fileRef = 69DB7013277A1F0200245DBA /* Constsants.swift */; };
		69DB7017277A1F2100245DBA /* AppPersistentCloudKitContainer.swift in Sources */ = {isa = PBXBuildFile; fileRef = 69DB7016277A1F2100245DBA /* AppPersistentCloudKitContainer.swift */; };
		69DB7018277A1F2100245DBA /* AppPersistentCloudKitContainer.swift in Sources */ = {isa = PBXBuildFile; fileRef = 69DB7016277A1F2100245DBA /* AppPersistentCloudKitContainer.swift */; };
/* End PBXBuildFile section */

/* Begin PBXContainerItemProxy section */
		69CD71012770D65D00F91A2F /* PBXContainerItemProxy */ = {
			isa = PBXContainerItemProxy;
			containerPortal = 69CD70BE2770D4D100F91A2F /* Project object */;
			proxyType = 1;
			remoteGlobalIDString = 69CD70FB2770D65D00F91A2F;
			remoteInfo = "Simply Filter SMS Extension";
		};
/* End PBXContainerItemProxy section */

/* Begin PBXCopyFilesBuildPhase section */
		69CD71072770D65D00F91A2F /* Embed App Extensions */ = {
			isa = PBXCopyFilesBuildPhase;
			buildActionMask = 2147483647;
			dstPath = "";
			dstSubfolderSpec = 13;
			files = (
				69CD71032770D65D00F91A2F /* Simply Filter SMS Extension.appex in Embed App Extensions */,
			);
			name = "Embed App Extensions";
			runOnlyForDeploymentPostprocessing = 0;
		};
/* End PBXCopyFilesBuildPhase section */

/* Begin PBXFileReference section */
		6941FE14277DE78B00B99539 /* en */ = {isa = PBXFileReference; lastKnownFileType = text.plist.strings; name = en; path = en.lproj/Localizable.strings; sourceTree = "<group>"; };
		6941FE16277DE78E00B99539 /* he */ = {isa = PBXFileReference; lastKnownFileType = text.plist.strings; name = he; path = he.lproj/Localizable.strings; sourceTree = "<group>"; };
		6941FE17277DF88200B99539 /* EnableExtensionView.swift */ = {isa = PBXFileReference; lastKnownFileType = sourcecode.swift; path = EnableExtensionView.swift; sourceTree = "<group>"; };
		6941FE19277E19CC00B99539 /* AboutView.swift */ = {isa = PBXFileReference; lastKnownFileType = sourcecode.swift; path = AboutView.swift; sourceTree = "<group>"; };
		699F557F2778BB3100AD7C64 /* AddFilterView.swift */ = {isa = PBXFileReference; lastKnownFileType = sourcecode.swift; path = AddFilterView.swift; sourceTree = "<group>"; };
		69CD70C62770D4D100F91A2F /* Simply Filter SMS.app */ = {isa = PBXFileReference; explicitFileType = wrapper.application; includeInIndex = 0; path = "Simply Filter SMS.app"; sourceTree = BUILT_PRODUCTS_DIR; };
		69CD70C92770D4D100F91A2F /* Simply_Filter_SMSApp.swift */ = {isa = PBXFileReference; lastKnownFileType = sourcecode.swift; path = Simply_Filter_SMSApp.swift; sourceTree = "<group>"; };
		69CD70CB2770D4D100F91A2F /* FilterListView.swift */ = {isa = PBXFileReference; lastKnownFileType = sourcecode.swift; path = FilterListView.swift; sourceTree = "<group>"; };
		69CD70CD2770D4D100F91A2F /* Assets.xcassets */ = {isa = PBXFileReference; lastKnownFileType = folder.assetcatalog; path = Assets.xcassets; sourceTree = "<group>"; };
		69CD70D02770D4D100F91A2F /* Preview Assets.xcassets */ = {isa = PBXFileReference; lastKnownFileType = folder.assetcatalog; path = "Preview Assets.xcassets"; sourceTree = "<group>"; };
		69CD70D22770D4D100F91A2F /* PersistenceController.swift */ = {isa = PBXFileReference; lastKnownFileType = sourcecode.swift; path = PersistenceController.swift; sourceTree = "<group>"; };
		69CD70D52770D4D100F91A2F /* Simply_Filter_SMS.xcdatamodel */ = {isa = PBXFileReference; lastKnownFileType = wrapper.xcdatamodel; path = Simply_Filter_SMS.xcdatamodel; sourceTree = "<group>"; };
		69CD70FC2770D65D00F91A2F /* Simply Filter SMS Extension.appex */ = {isa = PBXFileReference; explicitFileType = "wrapper.app-extension"; includeInIndex = 0; path = "Simply Filter SMS Extension.appex"; sourceTree = BUILT_PRODUCTS_DIR; };
		69CD70FE2770D65D00F91A2F /* MessageFilterExtension.swift */ = {isa = PBXFileReference; lastKnownFileType = sourcecode.swift; path = MessageFilterExtension.swift; sourceTree = "<group>"; };
		69CD71002770D65D00F91A2F /* Info.plist */ = {isa = PBXFileReference; lastKnownFileType = text.plist.xml; path = Info.plist; sourceTree = "<group>"; };
		69CD71082770D74300F91A2F /* Simply Filter SMS.entitlements */ = {isa = PBXFileReference; lastKnownFileType = text.plist.entitlements; path = "Simply Filter SMS.entitlements"; sourceTree = "<group>"; };
		69CD71092770D7AD00F91A2F /* Simply Filter SMS Extension.entitlements */ = {isa = PBXFileReference; lastKnownFileType = text.plist.entitlements; path = "Simply Filter SMS Extension.entitlements"; sourceTree = "<group>"; };
		69DB7013277A1F0200245DBA /* Constsants.swift */ = {isa = PBXFileReference; lastKnownFileType = sourcecode.swift; path = Constsants.swift; sourceTree = "<group>"; };
		69DB7016277A1F2100245DBA /* AppPersistentCloudKitContainer.swift */ = {isa = PBXFileReference; lastKnownFileType = sourcecode.swift; path = AppPersistentCloudKitContainer.swift; sourceTree = "<group>"; };
/* End PBXFileReference section */

/* Begin PBXFrameworksBuildPhase section */
		69CD70C32770D4D100F91A2F /* Frameworks */ = {
			isa = PBXFrameworksBuildPhase;
			buildActionMask = 2147483647;
			files = (
			);
			runOnlyForDeploymentPostprocessing = 0;
		};
		69CD70F92770D65D00F91A2F /* Frameworks */ = {
			isa = PBXFrameworksBuildPhase;
			buildActionMask = 2147483647;
			files = (
			);
			runOnlyForDeploymentPostprocessing = 0;
		};
/* End PBXFrameworksBuildPhase section */

/* Begin PBXGroup section */
		69CD70BD2770D4D100F91A2F = {
			isa = PBXGroup;
			children = (
				69CD70C82770D4D100F91A2F /* Simply Filter SMS */,
				69CD70FD2770D65D00F91A2F /* Simply Filter SMS Extension */,
				69CD70C72770D4D100F91A2F /* Products */,
			);
			sourceTree = "<group>";
		};
		69CD70C72770D4D100F91A2F /* Products */ = {
			isa = PBXGroup;
			children = (
				69CD70C62770D4D100F91A2F /* Simply Filter SMS.app */,
				69CD70FC2770D65D00F91A2F /* Simply Filter SMS Extension.appex */,
			);
			name = Products;
			sourceTree = "<group>";
		};
		69CD70C82770D4D100F91A2F /* Simply Filter SMS */ = {
			isa = PBXGroup;
			children = (
				69CD70C92770D4D100F91A2F /* Simply_Filter_SMSApp.swift */,
				69CD70D22770D4D100F91A2F /* PersistenceController.swift */,
				69DB7011277A1EBE00245DBA /* Views */,
				69DB7012277A1EDF00245DBA /* Shared with Extension */,
				69DB7010277A03F800245DBA /* Resources */,
			);
			path = "Simply Filter SMS";
			sourceTree = "<group>";
		};
		69CD70CF2770D4D100F91A2F /* Preview Content */ = {
			isa = PBXGroup;
			children = (
				69CD70D02770D4D100F91A2F /* Preview Assets.xcassets */,
			);
			path = "Preview Content";
			sourceTree = "<group>";
		};
		69CD70FD2770D65D00F91A2F /* Simply Filter SMS Extension */ = {
			isa = PBXGroup;
			children = (
				69CD71092770D7AD00F91A2F /* Simply Filter SMS Extension.entitlements */,
				69CD70FE2770D65D00F91A2F /* MessageFilterExtension.swift */,
				69CD71002770D65D00F91A2F /* Info.plist */,
			);
			path = "Simply Filter SMS Extension";
			sourceTree = "<group>";
		};
		69DB7010277A03F800245DBA /* Resources */ = {
			isa = PBXGroup;
			children = (
				69CD70CF2770D4D100F91A2F /* Preview Content */,
				69CD70CD2770D4D100F91A2F /* Assets.xcassets */,
				69CD70D42770D4D100F91A2F /* Simply-Filter-SMS.xcdatamodeld */,
				69CD71082770D74300F91A2F /* Simply Filter SMS.entitlements */,
				6941FE15277DE78B00B99539 /* Localizable.strings */,
			);
			path = Resources;
			sourceTree = "<group>";
		};
		69DB7011277A1EBE00245DBA /* Views */ = {
			isa = PBXGroup;
			children = (
				69CD70CB2770D4D100F91A2F /* FilterListView.swift */,
				699F557F2778BB3100AD7C64 /* AddFilterView.swift */,
				6941FE17277DF88200B99539 /* EnableExtensionView.swift */,
				6941FE19277E19CC00B99539 /* AboutView.swift */,
			);
			path = Views;
			sourceTree = "<group>";
		};
		69DB7012277A1EDF00245DBA /* Shared with Extension */ = {
			isa = PBXGroup;
			children = (
				69DB7013277A1F0200245DBA /* Constsants.swift */,
				69DB7016277A1F2100245DBA /* AppPersistentCloudKitContainer.swift */,
			);
			path = "Shared with Extension";
			sourceTree = "<group>";
		};
/* End PBXGroup section */

/* Begin PBXNativeTarget section */
		69CD70C52770D4D100F91A2F /* Simply Filter SMS */ = {
			isa = PBXNativeTarget;
			buildConfigurationList = 69CD70EF2770D4D100F91A2F /* Build configuration list for PBXNativeTarget "Simply Filter SMS" */;
			buildPhases = (
				69CD70C22770D4D100F91A2F /* Sources */,
				69CD70C32770D4D100F91A2F /* Frameworks */,
				69CD70C42770D4D100F91A2F /* Resources */,
				69CD71072770D65D00F91A2F /* Embed App Extensions */,
			);
			buildRules = (
			);
			dependencies = (
				69CD71022770D65D00F91A2F /* PBXTargetDependency */,
			);
			name = "Simply Filter SMS";
			productName = "Simply Filter SMS";
			productReference = 69CD70C62770D4D100F91A2F /* Simply Filter SMS.app */;
			productType = "com.apple.product-type.application";
		};
		69CD70FB2770D65D00F91A2F /* Simply Filter SMS Extension */ = {
			isa = PBXNativeTarget;
			buildConfigurationList = 69CD71042770D65D00F91A2F /* Build configuration list for PBXNativeTarget "Simply Filter SMS Extension" */;
			buildPhases = (
				69CD70F82770D65D00F91A2F /* Sources */,
				69CD70F92770D65D00F91A2F /* Frameworks */,
				69CD70FA2770D65D00F91A2F /* Resources */,
			);
			buildRules = (
			);
			dependencies = (
			);
			name = "Simply Filter SMS Extension";
			productName = "Simply Filter SMS Extension";
			productReference = 69CD70FC2770D65D00F91A2F /* Simply Filter SMS Extension.appex */;
			productType = "com.apple.product-type.app-extension";
		};
/* End PBXNativeTarget section */

/* Begin PBXProject section */
		69CD70BE2770D4D100F91A2F /* Project object */ = {
			isa = PBXProject;
			attributes = {
				BuildIndependentTargetsInParallel = 1;
				LastSwiftUpdateCheck = 1320;
				LastUpgradeCheck = 1320;
				TargetAttributes = {
					69CD70C52770D4D100F91A2F = {
						CreatedOnToolsVersion = 13.2.1;
					};
					69CD70FB2770D65D00F91A2F = {
						CreatedOnToolsVersion = 13.2.1;
					};
				};
			};
			buildConfigurationList = 69CD70C12770D4D100F91A2F /* Build configuration list for PBXProject "Simply Filter SMS" */;
			compatibilityVersion = "Xcode 13.0";
			developmentRegion = en;
			hasScannedForEncodings = 0;
			knownRegions = (
				en,
				he,
				Base,
			);
			mainGroup = 69CD70BD2770D4D100F91A2F;
			productRefGroup = 69CD70C72770D4D100F91A2F /* Products */;
			projectDirPath = "";
			projectRoot = "";
			targets = (
				69CD70C52770D4D100F91A2F /* Simply Filter SMS */,
				69CD70FB2770D65D00F91A2F /* Simply Filter SMS Extension */,
			);
		};
/* End PBXProject section */

/* Begin PBXResourcesBuildPhase section */
		69CD70C42770D4D100F91A2F /* Resources */ = {
			isa = PBXResourcesBuildPhase;
			buildActionMask = 2147483647;
			files = (
				69CD70D12770D4D100F91A2F /* Preview Assets.xcassets in Resources */,
				6941FE13277DE78B00B99539 /* Localizable.strings in Resources */,
				69CD70CE2770D4D100F91A2F /* Assets.xcassets in Resources */,
			);
			runOnlyForDeploymentPostprocessing = 0;
		};
		69CD70FA2770D65D00F91A2F /* Resources */ = {
			isa = PBXResourcesBuildPhase;
			buildActionMask = 2147483647;
			files = (
			);
			runOnlyForDeploymentPostprocessing = 0;
		};
/* End PBXResourcesBuildPhase section */

/* Begin PBXSourcesBuildPhase section */
		69CD70C22770D4D100F91A2F /* Sources */ = {
			isa = PBXSourcesBuildPhase;
			buildActionMask = 2147483647;
			files = (
				69CD70D32770D4D100F91A2F /* PersistenceController.swift in Sources */,
				699F55802778BB3100AD7C64 /* AddFilterView.swift in Sources */,
				69CD70CC2770D4D100F91A2F /* FilterListView.swift in Sources */,
				6941FE18277DF88200B99539 /* EnableExtensionView.swift in Sources */,
				6941FE1A277E19CC00B99539 /* AboutView.swift in Sources */,
				69DB7014277A1F0200245DBA /* Constsants.swift in Sources */,
				69CD70CA2770D4D100F91A2F /* Simply_Filter_SMSApp.swift in Sources */,
				69CD70D62770D4D100F91A2F /* Simply-Filter-SMS.xcdatamodeld in Sources */,
				69DB7017277A1F2100245DBA /* AppPersistentCloudKitContainer.swift in Sources */,
			);
			runOnlyForDeploymentPostprocessing = 0;
		};
		69CD70F82770D65D00F91A2F /* Sources */ = {
			isa = PBXSourcesBuildPhase;
			buildActionMask = 2147483647;
			files = (
				69CD70FF2770D65D00F91A2F /* MessageFilterExtension.swift in Sources */,
				69DB7018277A1F2100245DBA /* AppPersistentCloudKitContainer.swift in Sources */,
				694A073227760E5800C92D78 /* Simply-Filter-SMS.xcdatamodeld in Sources */,
				69DB7015277A1F0200245DBA /* Constsants.swift in Sources */,
			);
			runOnlyForDeploymentPostprocessing = 0;
		};
/* End PBXSourcesBuildPhase section */

/* Begin PBXTargetDependency section */
		69CD71022770D65D00F91A2F /* PBXTargetDependency */ = {
			isa = PBXTargetDependency;
			target = 69CD70FB2770D65D00F91A2F /* Simply Filter SMS Extension */;
			targetProxy = 69CD71012770D65D00F91A2F /* PBXContainerItemProxy */;
		};
/* End PBXTargetDependency section */

/* Begin PBXVariantGroup section */
		6941FE15277DE78B00B99539 /* Localizable.strings */ = {
			isa = PBXVariantGroup;
			children = (
				6941FE14277DE78B00B99539 /* en */,
				6941FE16277DE78E00B99539 /* he */,
			);
			name = Localizable.strings;
			sourceTree = "<group>";
		};
/* End PBXVariantGroup section */

/* Begin XCBuildConfiguration section */
		69CD70ED2770D4D100F91A2F /* Debug */ = {
			isa = XCBuildConfiguration;
			buildSettings = {
				ALWAYS_SEARCH_USER_PATHS = NO;
				CLANG_ANALYZER_NONNULL = YES;
				CLANG_ANALYZER_NUMBER_OBJECT_CONVERSION = YES_AGGRESSIVE;
				CLANG_CXX_LANGUAGE_STANDARD = "gnu++17";
				CLANG_CXX_LIBRARY = "libc++";
				CLANG_ENABLE_MODULES = YES;
				CLANG_ENABLE_OBJC_ARC = YES;
				CLANG_ENABLE_OBJC_WEAK = YES;
				CLANG_WARN_BLOCK_CAPTURE_AUTORELEASING = YES;
				CLANG_WARN_BOOL_CONVERSION = YES;
				CLANG_WARN_COMMA = YES;
				CLANG_WARN_CONSTANT_CONVERSION = YES;
				CLANG_WARN_DEPRECATED_OBJC_IMPLEMENTATIONS = YES;
				CLANG_WARN_DIRECT_OBJC_ISA_USAGE = YES_ERROR;
				CLANG_WARN_DOCUMENTATION_COMMENTS = YES;
				CLANG_WARN_EMPTY_BODY = YES;
				CLANG_WARN_ENUM_CONVERSION = YES;
				CLANG_WARN_INFINITE_RECURSION = YES;
				CLANG_WARN_INT_CONVERSION = YES;
				CLANG_WARN_NON_LITERAL_NULL_CONVERSION = YES;
				CLANG_WARN_OBJC_IMPLICIT_RETAIN_SELF = YES;
				CLANG_WARN_OBJC_LITERAL_CONVERSION = YES;
				CLANG_WARN_OBJC_ROOT_CLASS = YES_ERROR;
				CLANG_WARN_QUOTED_INCLUDE_IN_FRAMEWORK_HEADER = YES;
				CLANG_WARN_RANGE_LOOP_ANALYSIS = YES;
				CLANG_WARN_STRICT_PROTOTYPES = YES;
				CLANG_WARN_SUSPICIOUS_MOVE = YES;
				CLANG_WARN_UNGUARDED_AVAILABILITY = YES_AGGRESSIVE;
				CLANG_WARN_UNREACHABLE_CODE = YES;
				CLANG_WARN__DUPLICATE_METHOD_MATCH = YES;
				COPY_PHASE_STRIP = NO;
				DEBUG_INFORMATION_FORMAT = dwarf;
				ENABLE_STRICT_OBJC_MSGSEND = YES;
				ENABLE_TESTABILITY = YES;
				GCC_C_LANGUAGE_STANDARD = gnu11;
				GCC_DYNAMIC_NO_PIC = NO;
				GCC_NO_COMMON_BLOCKS = YES;
				GCC_OPTIMIZATION_LEVEL = 0;
				GCC_PREPROCESSOR_DEFINITIONS = (
					"DEBUG=1",
					"$(inherited)",
				);
				GCC_WARN_64_TO_32_BIT_CONVERSION = YES;
				GCC_WARN_ABOUT_RETURN_TYPE = YES_ERROR;
				GCC_WARN_UNDECLARED_SELECTOR = YES;
				GCC_WARN_UNINITIALIZED_AUTOS = YES_AGGRESSIVE;
				GCC_WARN_UNUSED_FUNCTION = YES;
				GCC_WARN_UNUSED_VARIABLE = YES;
				IPHONEOS_DEPLOYMENT_TARGET = 15.2;
				MTL_ENABLE_DEBUG_INFO = INCLUDE_SOURCE;
				MTL_FAST_MATH = YES;
				ONLY_ACTIVE_ARCH = YES;
				SDKROOT = iphoneos;
				SWIFT_ACTIVE_COMPILATION_CONDITIONS = DEBUG;
				SWIFT_OPTIMIZATION_LEVEL = "-Onone";
			};
			name = Debug;
		};
		69CD70EE2770D4D100F91A2F /* Release */ = {
			isa = XCBuildConfiguration;
			buildSettings = {
				ALWAYS_SEARCH_USER_PATHS = NO;
				CLANG_ANALYZER_NONNULL = YES;
				CLANG_ANALYZER_NUMBER_OBJECT_CONVERSION = YES_AGGRESSIVE;
				CLANG_CXX_LANGUAGE_STANDARD = "gnu++17";
				CLANG_CXX_LIBRARY = "libc++";
				CLANG_ENABLE_MODULES = YES;
				CLANG_ENABLE_OBJC_ARC = YES;
				CLANG_ENABLE_OBJC_WEAK = YES;
				CLANG_WARN_BLOCK_CAPTURE_AUTORELEASING = YES;
				CLANG_WARN_BOOL_CONVERSION = YES;
				CLANG_WARN_COMMA = YES;
				CLANG_WARN_CONSTANT_CONVERSION = YES;
				CLANG_WARN_DEPRECATED_OBJC_IMPLEMENTATIONS = YES;
				CLANG_WARN_DIRECT_OBJC_ISA_USAGE = YES_ERROR;
				CLANG_WARN_DOCUMENTATION_COMMENTS = YES;
				CLANG_WARN_EMPTY_BODY = YES;
				CLANG_WARN_ENUM_CONVERSION = YES;
				CLANG_WARN_INFINITE_RECURSION = YES;
				CLANG_WARN_INT_CONVERSION = YES;
				CLANG_WARN_NON_LITERAL_NULL_CONVERSION = YES;
				CLANG_WARN_OBJC_IMPLICIT_RETAIN_SELF = YES;
				CLANG_WARN_OBJC_LITERAL_CONVERSION = YES;
				CLANG_WARN_OBJC_ROOT_CLASS = YES_ERROR;
				CLANG_WARN_QUOTED_INCLUDE_IN_FRAMEWORK_HEADER = YES;
				CLANG_WARN_RANGE_LOOP_ANALYSIS = YES;
				CLANG_WARN_STRICT_PROTOTYPES = YES;
				CLANG_WARN_SUSPICIOUS_MOVE = YES;
				CLANG_WARN_UNGUARDED_AVAILABILITY = YES_AGGRESSIVE;
				CLANG_WARN_UNREACHABLE_CODE = YES;
				CLANG_WARN__DUPLICATE_METHOD_MATCH = YES;
				COPY_PHASE_STRIP = NO;
				DEBUG_INFORMATION_FORMAT = "dwarf-with-dsym";
				ENABLE_NS_ASSERTIONS = NO;
				ENABLE_STRICT_OBJC_MSGSEND = YES;
				GCC_C_LANGUAGE_STANDARD = gnu11;
				GCC_NO_COMMON_BLOCKS = YES;
				GCC_WARN_64_TO_32_BIT_CONVERSION = YES;
				GCC_WARN_ABOUT_RETURN_TYPE = YES_ERROR;
				GCC_WARN_UNDECLARED_SELECTOR = YES;
				GCC_WARN_UNINITIALIZED_AUTOS = YES_AGGRESSIVE;
				GCC_WARN_UNUSED_FUNCTION = YES;
				GCC_WARN_UNUSED_VARIABLE = YES;
				IPHONEOS_DEPLOYMENT_TARGET = 15.2;
				MTL_ENABLE_DEBUG_INFO = NO;
				MTL_FAST_MATH = YES;
				SDKROOT = iphoneos;
				SWIFT_COMPILATION_MODE = wholemodule;
				SWIFT_OPTIMIZATION_LEVEL = "-O";
				VALIDATE_PRODUCT = YES;
			};
			name = Release;
		};
		69CD70F02770D4D100F91A2F /* Debug */ = {
			isa = XCBuildConfiguration;
			buildSettings = {
				ALWAYS_EMBED_SWIFT_STANDARD_LIBRARIES = YES;
				ASSETCATALOG_COMPILER_APPICON_NAME = AppIcon;
				ASSETCATALOG_COMPILER_GLOBAL_ACCENT_COLOR_NAME = AccentColor;
				CODE_SIGN_ENTITLEMENTS = "Simply Filter SMS/Resources/Simply Filter SMS.entitlements";
				CODE_SIGN_STYLE = Automatic;
				CURRENT_PROJECT_VERSION = 1;
				DEVELOPMENT_ASSET_PATHS = "\"Simply Filter SMS/Resources/Preview Content\"";
				DEVELOPMENT_TEAM = EV4K7STD9W;
				ENABLE_PREVIEWS = YES;
				GENERATE_INFOPLIST_FILE = YES;
				INFOPLIST_KEY_UIApplicationSceneManifest_Generation = YES;
				INFOPLIST_KEY_UIApplicationSupportsIndirectInputEvents = YES;
				INFOPLIST_KEY_UILaunchScreen_Generation = YES;
				INFOPLIST_KEY_UISupportedInterfaceOrientations = "";
				INFOPLIST_KEY_UISupportedInterfaceOrientations_iPad = "UIInterfaceOrientationPortrait UIInterfaceOrientationPortraitUpsideDown UIInterfaceOrientationLandscapeLeft UIInterfaceOrientationLandscapeRight";
				INFOPLIST_KEY_UISupportedInterfaceOrientations_iPhone = "UIInterfaceOrientationPortrait UIInterfaceOrientationLandscapeLeft UIInterfaceOrientationLandscapeRight";
				LD_RUNPATH_SEARCH_PATHS = (
					"$(inherited)",
					"@executable_path/Frameworks",
				);
				MARKETING_VERSION = 1.0;
				PRODUCT_BUNDLE_IDENTIFIER = "com.adibendahan.Simply-Filter-SMS";
				PRODUCT_NAME = "$(TARGET_NAME)";
				SWIFT_EMIT_LOC_STRINGS = YES;
				SWIFT_VERSION = 5.0;
				TARGETED_DEVICE_FAMILY = 1;
			};
			name = Debug;
		};
		69CD70F12770D4D100F91A2F /* Release */ = {
			isa = XCBuildConfiguration;
			buildSettings = {
				ALWAYS_EMBED_SWIFT_STANDARD_LIBRARIES = YES;
				ASSETCATALOG_COMPILER_APPICON_NAME = AppIcon;
				ASSETCATALOG_COMPILER_GLOBAL_ACCENT_COLOR_NAME = AccentColor;
				CODE_SIGN_ENTITLEMENTS = "Simply Filter SMS/Resources/Simply Filter SMS.entitlements";
				CODE_SIGN_STYLE = Automatic;
				CURRENT_PROJECT_VERSION = 1;
				DEVELOPMENT_ASSET_PATHS = "\"Simply Filter SMS/Resources/Preview Content\"";
				DEVELOPMENT_TEAM = EV4K7STD9W;
				ENABLE_PREVIEWS = YES;
				GENERATE_INFOPLIST_FILE = YES;
				INFOPLIST_KEY_UIApplicationSceneManifest_Generation = YES;
				INFOPLIST_KEY_UIApplicationSupportsIndirectInputEvents = YES;
				INFOPLIST_KEY_UILaunchScreen_Generation = YES;
				INFOPLIST_KEY_UISupportedInterfaceOrientations = "";
				INFOPLIST_KEY_UISupportedInterfaceOrientations_iPad = "UIInterfaceOrientationPortrait UIInterfaceOrientationPortraitUpsideDown UIInterfaceOrientationLandscapeLeft UIInterfaceOrientationLandscapeRight";
				INFOPLIST_KEY_UISupportedInterfaceOrientations_iPhone = "UIInterfaceOrientationPortrait UIInterfaceOrientationLandscapeLeft UIInterfaceOrientationLandscapeRight";
				LD_RUNPATH_SEARCH_PATHS = (
					"$(inherited)",
					"@executable_path/Frameworks",
				);
				MARKETING_VERSION = 1.0;
				PRODUCT_BUNDLE_IDENTIFIER = "com.adibendahan.Simply-Filter-SMS";
				PRODUCT_NAME = "$(TARGET_NAME)";
				SWIFT_EMIT_LOC_STRINGS = YES;
				SWIFT_VERSION = 5.0;
				TARGETED_DEVICE_FAMILY = 1;
			};
			name = Release;
		};
		69CD71052770D65D00F91A2F /* Debug */ = {
			isa = XCBuildConfiguration;
			buildSettings = {
				CODE_SIGN_ENTITLEMENTS = "Simply Filter SMS Extension/Simply Filter SMS Extension.entitlements";
				CODE_SIGN_STYLE = Automatic;
				CURRENT_PROJECT_VERSION = 1;
				DEVELOPMENT_TEAM = EV4K7STD9W;
				GENERATE_INFOPLIST_FILE = YES;
				INFOPLIST_FILE = "Simply Filter SMS Extension/Info.plist";
				INFOPLIST_KEY_CFBundleDisplayName = "Simply Filter SMS Extension";
				INFOPLIST_KEY_NSHumanReadableCopyright = "";
				LD_RUNPATH_SEARCH_PATHS = (
					"$(inherited)",
					"@executable_path/Frameworks",
					"@executable_path/../../Frameworks",
				);
				MARKETING_VERSION = 1.0;
				PRODUCT_BUNDLE_IDENTIFIER = "com.adibendahan.Simply-Filter-SMS.Simply-Filter-SMS-Extension";
				PRODUCT_NAME = "$(TARGET_NAME)";
				SKIP_INSTALL = YES;
				SWIFT_EMIT_LOC_STRINGS = YES;
				SWIFT_VERSION = 5.0;
				TARGETED_DEVICE_FAMILY = "1,2";
			};
			name = Debug;
		};
		69CD71062770D65D00F91A2F /* Release */ = {
			isa = XCBuildConfiguration;
			buildSettings = {
				CODE_SIGN_ENTITLEMENTS = "Simply Filter SMS Extension/Simply Filter SMS Extension.entitlements";
				CODE_SIGN_STYLE = Automatic;
				CURRENT_PROJECT_VERSION = 1;
				DEVELOPMENT_TEAM = EV4K7STD9W;
				GENERATE_INFOPLIST_FILE = YES;
				INFOPLIST_FILE = "Simply Filter SMS Extension/Info.plist";
				INFOPLIST_KEY_CFBundleDisplayName = "Simply Filter SMS Extension";
				INFOPLIST_KEY_NSHumanReadableCopyright = "";
				LD_RUNPATH_SEARCH_PATHS = (
					"$(inherited)",
					"@executable_path/Frameworks",
					"@executable_path/../../Frameworks",
				);
				MARKETING_VERSION = 1.0;
				PRODUCT_BUNDLE_IDENTIFIER = "com.adibendahan.Simply-Filter-SMS.Simply-Filter-SMS-Extension";
				PRODUCT_NAME = "$(TARGET_NAME)";
				SKIP_INSTALL = YES;
				SWIFT_EMIT_LOC_STRINGS = YES;
				SWIFT_VERSION = 5.0;
				TARGETED_DEVICE_FAMILY = "1,2";
			};
			name = Release;
		};
/* End XCBuildConfiguration section */

/* Begin XCConfigurationList section */
		69CD70C12770D4D100F91A2F /* Build configuration list for PBXProject "Simply Filter SMS" */ = {
			isa = XCConfigurationList;
			buildConfigurations = (
				69CD70ED2770D4D100F91A2F /* Debug */,
				69CD70EE2770D4D100F91A2F /* Release */,
			);
			defaultConfigurationIsVisible = 0;
			defaultConfigurationName = Release;
		};
		69CD70EF2770D4D100F91A2F /* Build configuration list for PBXNativeTarget "Simply Filter SMS" */ = {
			isa = XCConfigurationList;
			buildConfigurations = (
				69CD70F02770D4D100F91A2F /* Debug */,
				69CD70F12770D4D100F91A2F /* Release */,
			);
			defaultConfigurationIsVisible = 0;
			defaultConfigurationName = Release;
		};
		69CD71042770D65D00F91A2F /* Build configuration list for PBXNativeTarget "Simply Filter SMS Extension" */ = {
			isa = XCConfigurationList;
			buildConfigurations = (
				69CD71052770D65D00F91A2F /* Debug */,
				69CD71062770D65D00F91A2F /* Release */,
			);
			defaultConfigurationIsVisible = 0;
			defaultConfigurationName = Release;
		};
/* End XCConfigurationList section */

/* Begin XCVersionGroup section */
		69CD70D42770D4D100F91A2F /* Simply-Filter-SMS.xcdatamodeld */ = {
			isa = XCVersionGroup;
			children = (
				69CD70D52770D4D100F91A2F /* Simply_Filter_SMS.xcdatamodel */,
			);
			currentVersion = 69CD70D52770D4D100F91A2F /* Simply_Filter_SMS.xcdatamodel */;
			path = "Simply-Filter-SMS.xcdatamodeld";
			sourceTree = "<group>";
			versionGroupType = wrapper.xcdatamodel;
		};
/* End XCVersionGroup section */
	};
	rootObject = 69CD70BE2770D4D100F91A2F /* Project object */;
}
